{
  "object": {
    "pins": [
      {
        "package": "geos",
        "repositoryURL": "https://github.com/GEOSwift/geos.git",
        "state": {
          "branch": null,
          "revision": "b7d9efe82815490402171d8c0cdfcfe21a71d194",
          "version": "6.0.2"
        }
      }
    ]
  },
  "version": 1
}
