{
  "object": {
    "pins": [
      {
        "package": "geos",
        "repositoryURL": "https://github.com/GEOSwift/geos.git",
        "state": {
          "branch": null,
          "revision": "709a4853594e43f894371ae57b96de9beda9872f",
          "version": "5.1.0"
        }
      }
    ]
  },
  "version": 1
}
