{
  "object": {
    "pins": [
      {
        "package": "geos",
        "repositoryURL": "https://github.com/GEOSwift/geos.git",
        "state": {
          "branch": null,
          "revision": "f510e634c822116fca615064d889300dba40d761",
          "version": "8.1.0"
        }
      }
    ]
  },
  "version": 1
}
