PODS:
  - CocoaLumberjack (2.3.0):
    - CocoaLumberjack/Default (= 2.3.0)
    - CocoaLumberjack/Extensions (= 2.3.0)
  - CocoaLumberjack/Core (2.3.0)
  - CocoaLumberjack/Default (2.3.0):
    - CocoaLumberjack/Core
  - CocoaLumberjack/Extensions (2.3.0):
    - CocoaLumberjack/Default
  - geos (3.5.0)
  - Mapbox-iOS-SDK (3.2.3)

DEPENDENCIES:
  - CocoaLumberjack
  - geos
  - Mapbox-iOS-SDK

SPEC CHECKSUMS:
  CocoaLumberjack: 97fab7ee5f507fe54445cca7ea80f926729cfd15
  geos: e96c6ca3f3ce02d20feaa8d90d4af383e11e7198
  Mapbox-iOS-SDK: 120e8a140e9cd4adae8227340dd89f5cc3850259

PODFILE CHECKSUM: 3884c60f46eac4a78ad4f02b45acadae55f10fe3

COCOAPODS: 1.0.1
