PODS:
  - geos (3.5.0)
  - GEOSwift (0.4):
    - GEOSwift/Core (= 0.4)
  - GEOSwift/Core (0.4):
    - geos (= 3.5.0)

DEPENDENCIES:
  - GEOSwift (from `../`)

EXTERNAL SOURCES:
  GEOSwift:
    :path: "../"

SPEC CHECKSUMS:
  geos: e96c6ca3f3ce02d20feaa8d90d4af383e11e7198
  GEOSwift: 3b9ffbf4c6a627a666830c9fc59d13a746759ceb

PODFILE CHECKSUM: 78447cfceb476f32f0b3c5261dbc736ab2b7d7bb

COCOAPODS: 1.0.1
