// !$*UTF8*$!
{
	archiveVersion = 1;
	classes = {
	};
	objectVersion = 46;
	objects = {

/* Begin PBXBuildFile section */
		490B96CA2251A61200327D64 /* geometrycollection.png in Resources */ = {isa = PBXBuildFile; fileRef = 490B96C82251A61200327D64 /* geometrycollection.png */; };
		490B96CB2251A61200327D64 /* waypoint.png in Resources */ = {isa = PBXBuildFile; fileRef = 490B96C92251A61200327D64 /* waypoint.png */; };
		49436EC2226BF51500F8F99E /* geos.framework in Frameworks */ = {isa = PBXBuildFile; fileRef = 49436EC1226BF51500F8F99E /* geos.framework */; };
		49436EE8226BF9A100F8F99E /* geos.framework in CopyFiles */ = {isa = PBXBuildFile; fileRef = 49436EC1226BF51500F8F99E /* geos.framework */; settings = {ATTRIBUTES = (CodeSignOnCopy, RemoveHeadersOnCopy, ); }; };
		494B87D721051CFF009BE929 /* QuickLookTests.swift in Sources */ = {isa = PBXBuildFile; fileRef = 494B87D621051CFF009BE929 /* QuickLookTests.swift */; };
		494B87D921051F6D009BE929 /* MapKit+Equatable.swift in Sources */ = {isa = PBXBuildFile; fileRef = 494B87D821051F6D009BE929 /* MapKit+Equatable.swift */; };
		494B87DD21068D7C009BE929 /* SnapshotImage.swift in Sources */ = {isa = PBXBuildFile; fileRef = 494B87DC21068D7C009BE929 /* SnapshotImage.swift */; };
		494B87E021069386009BE929 /* linearring.png in Resources */ = {isa = PBXBuildFile; fileRef = 494B87DF21069386009BE929 /* linearring.png */; };
		494B87E2210696D2009BE929 /* polygon.png in Resources */ = {isa = PBXBuildFile; fileRef = 494B87E1210696D1009BE929 /* polygon.png */; };
		4993ABEB20F4F1CF0066547D /* LinearRef.swift in Sources */ = {isa = PBXBuildFile; fileRef = 4993ABE920F4F1CF0066547D /* LinearRef.swift */; };
		4993ABEC20F4F1CF0066547D /* MiscFunctions.swift in Sources */ = {isa = PBXBuildFile; fileRef = 4993ABEA20F4F1CF0066547D /* MiscFunctions.swift */; };
		818D7A7F1F5F5FDF00E55FB5 /* GeoJSONTests.swift in Sources */ = {isa = PBXBuildFile; fileRef = 818D7A7E1F5F5FDF00E55FB5 /* GeoJSONTests.swift */; };
		BF7C38081F82F03D001509AF /* Feature.swift in Sources */ = {isa = PBXBuildFile; fileRef = BF7C38071F82F03D001509AF /* Feature.swift */; };
		CD20F1DD1B2830700045D8FD /* GEOSwift.framework in CopyFiles */ = {isa = PBXBuildFile; fileRef = CD2299841B10B506002C19AE /* GEOSwift.framework */; settings = {ATTRIBUTES = (CodeSignOnCopy, RemoveHeadersOnCopy, ); }; };
		CD20F1DF1B283F580045D8FD /* SpatialRelations.swift in Sources */ = {isa = PBXBuildFile; fileRef = CD20F1DE1B283F580045D8FD /* SpatialRelations.swift */; };
		CD20F1E11B2844210045D8FD /* Geometries.swift in Sources */ = {isa = PBXBuildFile; fileRef = CD20F1E01B2844210045D8FD /* Geometries.swift */; };
		CD22998F1B10B506002C19AE /* GEOSwift.framework in Frameworks */ = {isa = PBXBuildFile; fileRef = CD2299841B10B506002C19AE /* GEOSwift.framework */; };
		CD2299981B10B506002C19AE /* GEOSTests.swift in Sources */ = {isa = PBXBuildFile; fileRef = CD2299971B10B506002C19AE /* GEOSTests.swift */; };
		CD25D72F1B2732FE008B3FB3 /* GeoJSON.swift in Sources */ = {isa = PBXBuildFile; fileRef = CD25D7251B2732FE008B3FB3 /* GeoJSON.swift */; };
		CD25D7301B2732FE008B3FB3 /* GEOS.swift in Sources */ = {isa = PBXBuildFile; fileRef = CD25D7261B2732FE008B3FB3 /* GEOS.swift */; };
		CD25D7361B2732FE008B3FB3 /* MapKit.swift in Sources */ = {isa = PBXBuildFile; fileRef = CD25D72C1B2732FE008B3FB3 /* MapKit.swift */; };
		CD25D7371B2732FE008B3FB3 /* QuickLook.swift in Sources */ = {isa = PBXBuildFile; fileRef = CD25D72D1B2732FE008B3FB3 /* QuickLook.swift */; };
		CD25D7381B2732FE008B3FB3 /* SpatialAnalysis.swift in Sources */ = {isa = PBXBuildFile; fileRef = CD25D72E1B2732FE008B3FB3 /* SpatialAnalysis.swift */; };
		CD25D73E1B27364E008B3FB3 /* GEOSwift.h in Headers */ = {isa = PBXBuildFile; fileRef = CD25D73D1B27364E008B3FB3 /* GEOSwift.h */; settings = {ATTRIBUTES = (Public, ); }; };
		CD2DE39E1B396FF400E7BCD4 /* feature.geojson in Resources */ = {isa = PBXBuildFile; fileRef = CDA09FFB1B3968B00092C6C6 /* feature.geojson */; };
		CD2DE39F1B39750200E7BCD4 /* multipolygon.geojson in Resources */ = {isa = PBXBuildFile; fileRef = CDB71B3B1B16210C0044B3DD /* multipolygon.geojson */; };
		CD2DE3A01B39750200E7BCD4 /* geometrycollection.geojson in Resources */ = {isa = PBXBuildFile; fileRef = CDB0A9D51B21A5FD00AB2F46 /* geometrycollection.geojson */; };
		CD2DE3A11B39750200E7BCD4 /* polygon.geojson in Resources */ = {isa = PBXBuildFile; fileRef = CD0C44321B20368600E7B24E /* polygon.geojson */; };
		CD2DE3A21B39750200E7BCD4 /* multipoint.geojson in Resources */ = {isa = PBXBuildFile; fileRef = CDB71B3D1B16459A0044B3DD /* multipoint.geojson */; };
		CD2DE3A31B39750200E7BCD4 /* featurecollection.geojson in Resources */ = {isa = PBXBuildFile; fileRef = CDB71B391B15FFEC0044B3DD /* featurecollection.geojson */; };
		CD2DE3A41B39750200E7BCD4 /* linestring.geojson in Resources */ = {isa = PBXBuildFile; fileRef = CDA09FFC1B3968B00092C6C6 /* linestring.geojson */; };
		CD2DE3A51B39750200E7BCD4 /* multilinestring.geojson in Resources */ = {isa = PBXBuildFile; fileRef = CDA09FFD1B3968B00092C6C6 /* multilinestring.geojson */; };
		CD2DE3A61B39750200E7BCD4 /* point.geojson in Resources */ = {isa = PBXBuildFile; fileRef = CDA09FFE1B3968B00092C6C6 /* point.geojson */; };
		CDB7EC051B287CE70055835C /* MapKitTests.swift in Sources */ = {isa = PBXBuildFile; fileRef = CDB7EC041B287CE70055835C /* MapKitTests.swift */; };
		D36407561F7D0155001BBA46 /* multipolygonwithholes.geojson in Resources */ = {isa = PBXBuildFile; fileRef = D36407551F7D0155001BBA46 /* multipolygonwithholes.geojson */; };
/* End PBXBuildFile section */

/* Begin PBXContainerItemProxy section */
		CD2299901B10B506002C19AE /* PBXContainerItemProxy */ = {
			isa = PBXContainerItemProxy;
			containerPortal = CD6533A91B0E0DFF00DE6D84 /* Project object */;
			proxyType = 1;
			remoteGlobalIDString = CD2299831B10B506002C19AE;
			remoteInfo = Humboldt;
		};
/* End PBXContainerItemProxy section */

/* Begin PBXCopyFilesBuildPhase section */
		CD20F1DC1B2830600045D8FD /* CopyFiles */ = {
			isa = PBXCopyFilesBuildPhase;
			buildActionMask = 2147483647;
			dstPath = "";
			dstSubfolderSpec = 10;
			files = (
				CD20F1DD1B2830700045D8FD /* GEOSwift.framework in CopyFiles */,
				49436EE8226BF9A100F8F99E /* geos.framework in CopyFiles */,
			);
			runOnlyForDeploymentPostprocessing = 0;
		};
/* End PBXCopyFilesBuildPhase section */

/* Begin PBXFileReference section */
		490B96C82251A61200327D64 /* geometrycollection.png */ = {isa = PBXFileReference; lastKnownFileType = image.png; path = geometrycollection.png; sourceTree = "<group>"; };
		490B96C92251A61200327D64 /* waypoint.png */ = {isa = PBXFileReference; lastKnownFileType = image.png; path = waypoint.png; sourceTree = "<group>"; };
		49436EC1226BF51500F8F99E /* geos.framework */ = {isa = PBXFileReference; lastKnownFileType = wrapper.framework; name = geos.framework; path = Carthage/Build/iOS/geos.framework; sourceTree = "<group>"; };
		494B87D621051CFF009BE929 /* QuickLookTests.swift */ = {isa = PBXFileReference; lastKnownFileType = sourcecode.swift; path = QuickLookTests.swift; sourceTree = "<group>"; };
		494B87D821051F6D009BE929 /* MapKit+Equatable.swift */ = {isa = PBXFileReference; lastKnownFileType = sourcecode.swift; path = "MapKit+Equatable.swift"; sourceTree = "<group>"; };
		494B87DC21068D7C009BE929 /* SnapshotImage.swift */ = {isa = PBXFileReference; lastKnownFileType = sourcecode.swift; path = SnapshotImage.swift; sourceTree = "<group>"; };
		494B87DF21069386009BE929 /* linearring.png */ = {isa = PBXFileReference; lastKnownFileType = image.png; path = linearring.png; sourceTree = "<group>"; };
		494B87E1210696D1009BE929 /* polygon.png */ = {isa = PBXFileReference; lastKnownFileType = image.png; path = polygon.png; sourceTree = "<group>"; };
		4993ABE920F4F1CF0066547D /* LinearRef.swift */ = {isa = PBXFileReference; fileEncoding = 4; lastKnownFileType = sourcecode.swift; path = LinearRef.swift; sourceTree = "<group>"; };
		4993ABEA20F4F1CF0066547D /* MiscFunctions.swift */ = {isa = PBXFileReference; fileEncoding = 4; lastKnownFileType = sourcecode.swift; path = MiscFunctions.swift; sourceTree = "<group>"; };
		818D7A7E1F5F5FDF00E55FB5 /* GeoJSONTests.swift */ = {isa = PBXFileReference; fileEncoding = 4; lastKnownFileType = sourcecode.swift; path = GeoJSONTests.swift; sourceTree = "<group>"; };
		81E4A0B41F0CB8C50073186F /* Info.plist */ = {isa = PBXFileReference; lastKnownFileType = text.plist.xml; name = Info.plist; path = GEOSwift/Info.plist; sourceTree = SOURCE_ROOT; };
		BF7C38071F82F03D001509AF /* Feature.swift */ = {isa = PBXFileReference; lastKnownFileType = sourcecode.swift; path = Feature.swift; sourceTree = "<group>"; };
		CD0C44321B20368600E7B24E /* polygon.geojson */ = {isa = PBXFileReference; fileEncoding = 4; lastKnownFileType = text; path = polygon.geojson; sourceTree = "<group>"; };
		CD20F1DE1B283F580045D8FD /* SpatialRelations.swift */ = {isa = PBXFileReference; fileEncoding = 4; lastKnownFileType = sourcecode.swift; path = SpatialRelations.swift; sourceTree = "<group>"; };
		CD20F1E01B2844210045D8FD /* Geometries.swift */ = {isa = PBXFileReference; fileEncoding = 4; lastKnownFileType = sourcecode.swift; path = Geometries.swift; sourceTree = "<group>"; };
		CD2299841B10B506002C19AE /* GEOSwift.framework */ = {isa = PBXFileReference; explicitFileType = wrapper.framework; includeInIndex = 0; path = GEOSwift.framework; sourceTree = BUILT_PRODUCTS_DIR; };
		CD22998E1B10B506002C19AE /* GEOSwiftTests.xctest */ = {isa = PBXFileReference; explicitFileType = wrapper.cfbundle; includeInIndex = 0; path = GEOSwiftTests.xctest; sourceTree = BUILT_PRODUCTS_DIR; };
		CD2299961B10B506002C19AE /* Info.plist */ = {isa = PBXFileReference; lastKnownFileType = text.plist.xml; path = Info.plist; sourceTree = "<group>"; };
		CD2299971B10B506002C19AE /* GEOSTests.swift */ = {isa = PBXFileReference; lastKnownFileType = sourcecode.swift; path = GEOSTests.swift; sourceTree = "<group>"; };
		CD25D7251B2732FE008B3FB3 /* GeoJSON.swift */ = {isa = PBXFileReference; fileEncoding = 4; lastKnownFileType = sourcecode.swift; path = GeoJSON.swift; sourceTree = "<group>"; };
		CD25D7261B2732FE008B3FB3 /* GEOS.swift */ = {isa = PBXFileReference; fileEncoding = 4; lastKnownFileType = sourcecode.swift; path = GEOS.swift; sourceTree = "<group>"; };
		CD25D72C1B2732FE008B3FB3 /* MapKit.swift */ = {isa = PBXFileReference; fileEncoding = 4; lastKnownFileType = sourcecode.swift; path = MapKit.swift; sourceTree = "<group>"; };
		CD25D72D1B2732FE008B3FB3 /* QuickLook.swift */ = {isa = PBXFileReference; fileEncoding = 4; lastKnownFileType = sourcecode.swift; path = QuickLook.swift; sourceTree = "<group>"; };
		CD25D72E1B2732FE008B3FB3 /* SpatialAnalysis.swift */ = {isa = PBXFileReference; fileEncoding = 4; lastKnownFileType = sourcecode.swift; path = SpatialAnalysis.swift; sourceTree = "<group>"; };
		CD25D73D1B27364E008B3FB3 /* GEOSwift.h */ = {isa = PBXFileReference; fileEncoding = 4; lastKnownFileType = sourcecode.c.h; name = GEOSwift.h; path = GEOSwift/GEOSwift.h; sourceTree = SOURCE_ROOT; };
		CDA09FFB1B3968B00092C6C6 /* feature.geojson */ = {isa = PBXFileReference; fileEncoding = 4; lastKnownFileType = text; path = feature.geojson; sourceTree = "<group>"; };
		CDA09FFC1B3968B00092C6C6 /* linestring.geojson */ = {isa = PBXFileReference; fileEncoding = 4; lastKnownFileType = text; path = linestring.geojson; sourceTree = "<group>"; };
		CDA09FFD1B3968B00092C6C6 /* multilinestring.geojson */ = {isa = PBXFileReference; fileEncoding = 4; lastKnownFileType = text; path = multilinestring.geojson; sourceTree = "<group>"; };
		CDA09FFE1B3968B00092C6C6 /* point.geojson */ = {isa = PBXFileReference; fileEncoding = 4; lastKnownFileType = text; path = point.geojson; sourceTree = "<group>"; };
		CDB0A9D51B21A5FD00AB2F46 /* geometrycollection.geojson */ = {isa = PBXFileReference; fileEncoding = 4; lastKnownFileType = text; path = geometrycollection.geojson; sourceTree = "<group>"; };
		CDB71B391B15FFEC0044B3DD /* featurecollection.geojson */ = {isa = PBXFileReference; fileEncoding = 4; lastKnownFileType = text; path = featurecollection.geojson; sourceTree = "<group>"; };
		CDB71B3B1B16210C0044B3DD /* multipolygon.geojson */ = {isa = PBXFileReference; fileEncoding = 4; lastKnownFileType = text; path = multipolygon.geojson; sourceTree = "<group>"; };
		CDB71B3D1B16459A0044B3DD /* multipoint.geojson */ = {isa = PBXFileReference; fileEncoding = 4; lastKnownFileType = text; path = multipoint.geojson; sourceTree = "<group>"; };
		CDB7EC041B287CE70055835C /* MapKitTests.swift */ = {isa = PBXFileReference; fileEncoding = 4; lastKnownFileType = sourcecode.swift; path = MapKitTests.swift; sourceTree = "<group>"; };
		D36407551F7D0155001BBA46 /* multipolygonwithholes.geojson */ = {isa = PBXFileReference; fileEncoding = 4; lastKnownFileType = text; path = multipolygonwithholes.geojson; sourceTree = "<group>"; };
/* End PBXFileReference section */

/* Begin PBXFrameworksBuildPhase section */
		36BA490CD3061F30F02CD17A /* Frameworks */ = {
			isa = PBXFrameworksBuildPhase;
			buildActionMask = 2147483647;
			files = (
				49436EC2226BF51500F8F99E /* geos.framework in Frameworks */,
			);
			runOnlyForDeploymentPostprocessing = 0;
		};
		CD22998B1B10B506002C19AE /* Frameworks */ = {
			isa = PBXFrameworksBuildPhase;
			buildActionMask = 2147483647;
			files = (
				CD22998F1B10B506002C19AE /* GEOSwift.framework in Frameworks */,
			);
			runOnlyForDeploymentPostprocessing = 0;
		};
/* End PBXFrameworksBuildPhase section */

/* Begin PBXGroup section */
		4921A7142106AE1200FF8EC7 /* Snapshot Images */ = {
			isa = PBXGroup;
			children = (
				490B96C82251A61200327D64 /* geometrycollection.png */,
				494B87DF21069386009BE929 /* linearring.png */,
				494B87E1210696D1009BE929 /* polygon.png */,
				494B87DC21068D7C009BE929 /* SnapshotImage.swift */,
				490B96C92251A61200327D64 /* waypoint.png */,
			);
			path = "Snapshot Images";
			sourceTree = "<group>";
		};
		4921A7152106AE7700FF8EC7 /* Sample GeoJSON */ = {
			isa = PBXGroup;
			children = (
				CDA09FFB1B3968B00092C6C6 /* feature.geojson */,
				CDB71B391B15FFEC0044B3DD /* featurecollection.geojson */,
				CDB0A9D51B21A5FD00AB2F46 /* geometrycollection.geojson */,
				CDA09FFC1B3968B00092C6C6 /* linestring.geojson */,
				CDA09FFD1B3968B00092C6C6 /* multilinestring.geojson */,
				CDB71B3D1B16459A0044B3DD /* multipoint.geojson */,
				CDB71B3B1B16210C0044B3DD /* multipolygon.geojson */,
				D36407551F7D0155001BBA46 /* multipolygonwithholes.geojson */,
				CDA09FFE1B3968B00092C6C6 /* point.geojson */,
				CD0C44321B20368600E7B24E /* polygon.geojson */,
			);
			path = "Sample GeoJSON";
			sourceTree = "<group>";
		};
		CD2299851B10B506002C19AE /* GEOSwift */ = {
			isa = PBXGroup;
			children = (
				CD25D73D1B27364E008B3FB3 /* GEOSwift.h */,
				BF7C38071F82F03D001509AF /* Feature.swift */,
				CD25D7251B2732FE008B3FB3 /* GeoJSON.swift */,
				CD20F1E01B2844210045D8FD /* Geometries.swift */,
				CD25D7261B2732FE008B3FB3 /* GEOS.swift */,
				4993ABE920F4F1CF0066547D /* LinearRef.swift */,
				CD25D72C1B2732FE008B3FB3 /* MapKit.swift */,
				4993ABEA20F4F1CF0066547D /* MiscFunctions.swift */,
				CD25D72D1B2732FE008B3FB3 /* QuickLook.swift */,
				CD25D72E1B2732FE008B3FB3 /* SpatialAnalysis.swift */,
				CD20F1DE1B283F580045D8FD /* SpatialRelations.swift */,
				CD2299861B10B506002C19AE /* Supporting Files */,
			);
			path = GEOSwift;
			sourceTree = "<group>";
		};
		CD2299861B10B506002C19AE /* Supporting Files */ = {
			isa = PBXGroup;
			children = (
				81E4A0B41F0CB8C50073186F /* Info.plist */,
			);
			name = "Supporting Files";
			sourceTree = "<group>";
		};
		CD2299941B10B506002C19AE /* GEOSwiftTests */ = {
			isa = PBXGroup;
			children = (
				818D7A7E1F5F5FDF00E55FB5 /* GeoJSONTests.swift */,
				CD2299971B10B506002C19AE /* GEOSTests.swift */,
				494B87D821051F6D009BE929 /* MapKit+Equatable.swift */,
				CDB7EC041B287CE70055835C /* MapKitTests.swift */,
				494B87D621051CFF009BE929 /* QuickLookTests.swift */,
				4921A7152106AE7700FF8EC7 /* Sample GeoJSON */,
				4921A7142106AE1200FF8EC7 /* Snapshot Images */,
				CD2299951B10B506002C19AE /* Supporting Files */,
			);
			path = GEOSwiftTests;
			sourceTree = "<group>";
		};
		CD2299951B10B506002C19AE /* Supporting Files */ = {
			isa = PBXGroup;
			children = (
				CD2299961B10B506002C19AE /* Info.plist */,
			);
			name = "Supporting Files";
			sourceTree = "<group>";
		};
		CD6533A81B0E0DFF00DE6D84 = {
			isa = PBXGroup;
			children = (
				CD2299851B10B506002C19AE /* GEOSwift */,
				CD2299941B10B506002C19AE /* GEOSwiftTests */,
				CD6533B21B0E0DFF00DE6D84 /* Products */,
				F249FE82CF1F95FBFCF62C71 /* Frameworks */,
			);
			sourceTree = "<group>";
		};
		CD6533B21B0E0DFF00DE6D84 /* Products */ = {
			isa = PBXGroup;
			children = (
				CD2299841B10B506002C19AE /* GEOSwift.framework */,
				CD22998E1B10B506002C19AE /* GEOSwiftTests.xctest */,
			);
			name = Products;
			sourceTree = "<group>";
		};
		F249FE82CF1F95FBFCF62C71 /* Frameworks */ = {
			isa = PBXGroup;
			children = (
				49436EC1226BF51500F8F99E /* geos.framework */,
			);
			name = Frameworks;
			sourceTree = "<group>";
		};
/* End PBXGroup section */

/* Begin PBXHeadersBuildPhase section */
		CD2299811B10B506002C19AE /* Headers */ = {
			isa = PBXHeadersBuildPhase;
			buildActionMask = 2147483647;
			files = (
				CD25D73E1B27364E008B3FB3 /* GEOSwift.h in Headers */,
			);
			runOnlyForDeploymentPostprocessing = 0;
		};
/* End PBXHeadersBuildPhase section */

/* Begin PBXNativeTarget section */
		CD2299831B10B506002C19AE /* GEOSwift */ = {
			isa = PBXNativeTarget;
			buildConfigurationList = CD22999D1B10B506002C19AE /* Build configuration list for PBXNativeTarget "GEOSwift" */;
			buildPhases = (
				839350CC20EFFA3300403B56 /* Swiftlint */,
				CD22997F1B10B506002C19AE /* Sources */,
				CD2299811B10B506002C19AE /* Headers */,
				CD2299821B10B506002C19AE /* Resources */,
				36BA490CD3061F30F02CD17A /* Frameworks */,
				E2836B6C226F339E0081B1F6 /* Copy geos for Playground */,
			);
			buildRules = (
			);
			dependencies = (
			);
			name = GEOSwift;
			productName = Humboldt;
			productReference = CD2299841B10B506002C19AE /* GEOSwift.framework */;
			productType = "com.apple.product-type.framework";
		};
		CD22998D1B10B506002C19AE /* GEOSwiftTests */ = {
			isa = PBXNativeTarget;
			buildConfigurationList = CD2299A11B10B506002C19AE /* Build configuration list for PBXNativeTarget "GEOSwiftTests" */;
			buildPhases = (
				CD22998A1B10B506002C19AE /* Sources */,
				CD22998B1B10B506002C19AE /* Frameworks */,
				CD22998C1B10B506002C19AE /* Resources */,
				CD20F1DC1B2830600045D8FD /* CopyFiles */,
			);
			buildRules = (
			);
			dependencies = (
				CD2299911B10B506002C19AE /* PBXTargetDependency */,
			);
			name = GEOSwiftTests;
			productName = HumboldtTests;
			productReference = CD22998E1B10B506002C19AE /* GEOSwiftTests.xctest */;
			productType = "com.apple.product-type.bundle.unit-test";
		};
/* End PBXNativeTarget section */

/* Begin PBXProject section */
		CD6533A91B0E0DFF00DE6D84 /* Project object */ = {
			isa = PBXProject;
			attributes = {
				LastSwiftUpdateCheck = 0700;
				LastUpgradeCheck = 1020;
				ORGANIZATIONNAME = andreacremaschi;
				TargetAttributes = {
					CD2299831B10B506002C19AE = {
						CreatedOnToolsVersion = 6.3.2;
						LastSwiftMigration = 1020;
						ProvisioningStyle = Automatic;
					};
					CD22998D1B10B506002C19AE = {
						CreatedOnToolsVersion = 6.3.2;
						LastSwiftMigration = 1020;
						ProvisioningStyle = Automatic;
					};
				};
			};
			buildConfigurationList = CD6533AC1B0E0DFF00DE6D84 /* Build configuration list for PBXProject "GEOSwift" */;
			compatibilityVersion = "Xcode 3.2";
			developmentRegion = en;
			hasScannedForEncodings = 0;
			knownRegions = (
				en,
				Base,
			);
			mainGroup = CD6533A81B0E0DFF00DE6D84;
			productRefGroup = CD6533B21B0E0DFF00DE6D84 /* Products */;
			projectDirPath = "";
			projectRoot = "";
			targets = (
				CD2299831B10B506002C19AE /* GEOSwift */,
				CD22998D1B10B506002C19AE /* GEOSwiftTests */,
			);
		};
/* End PBXProject section */

/* Begin PBXResourcesBuildPhase section */
		CD2299821B10B506002C19AE /* Resources */ = {
			isa = PBXResourcesBuildPhase;
			buildActionMask = 2147483647;
			files = (
			);
			runOnlyForDeploymentPostprocessing = 0;
		};
		CD22998C1B10B506002C19AE /* Resources */ = {
			isa = PBXResourcesBuildPhase;
			buildActionMask = 2147483647;
			files = (
				CD2DE39F1B39750200E7BCD4 /* multipolygon.geojson in Resources */,
				CD2DE3A01B39750200E7BCD4 /* geometrycollection.geojson in Resources */,
				D36407561F7D0155001BBA46 /* multipolygonwithholes.geojson in Resources */,
				490B96CA2251A61200327D64 /* geometrycollection.png in Resources */,
				CD2DE3A41B39750200E7BCD4 /* linestring.geojson in Resources */,
				494B87E021069386009BE929 /* linearring.png in Resources */,
				494B87E2210696D2009BE929 /* polygon.png in Resources */,
				CD2DE3A21B39750200E7BCD4 /* multipoint.geojson in Resources */,
				490B96CB2251A61200327D64 /* waypoint.png in Resources */,
				CD2DE3A61B39750200E7BCD4 /* point.geojson in Resources */,
				CD2DE3A51B39750200E7BCD4 /* multilinestring.geojson in Resources */,
				CD2DE3A11B39750200E7BCD4 /* polygon.geojson in Resources */,
				CD2DE3A31B39750200E7BCD4 /* featurecollection.geojson in Resources */,
				CD2DE39E1B396FF400E7BCD4 /* feature.geojson in Resources */,
			);
			runOnlyForDeploymentPostprocessing = 0;
		};
/* End PBXResourcesBuildPhase section */

/* Begin PBXShellScriptBuildPhase section */
		839350CC20EFFA3300403B56 /* Swiftlint */ = {
			isa = PBXShellScriptBuildPhase;
			buildActionMask = 2147483647;
			files = (
			);
			inputPaths = (
			);
			name = Swiftlint;
			outputPaths = (
			);
			runOnlyForDeploymentPostprocessing = 0;
			shellPath = /bin/sh;
			shellScript = "if which swiftlint > /dev/null; then\n  swiftlint autocorrect\n  swiftlint\nelse\n  echo \"warning: SwiftLint not installed, download from https://github.com/realm/SwiftLint\"\nfi";
		};
		E2836B6C226F339E0081B1F6 /* Copy geos for Playground */ = {
			isa = PBXShellScriptBuildPhase;
			buildActionMask = 2147483647;
			files = (
			);
			inputFileListPaths = (
			);
			inputPaths = (
			);
			name = "Copy geos for Playground";
			outputFileListPaths = (
			);
			outputPaths = (
			);
			runOnlyForDeploymentPostprocessing = 0;
			shellPath = /bin/sh;
			shellScript = "# This fixes playground unable to find the framework \ncp -R $SRCROOT/Carthage/Build/iOS/geos.framework $BUILT_PRODUCTS_DIR/geos.framework\n";
		};
/* End PBXShellScriptBuildPhase section */

/* Begin PBXSourcesBuildPhase section */
		CD22997F1B10B506002C19AE /* Sources */ = {
			isa = PBXSourcesBuildPhase;
			buildActionMask = 2147483647;
			files = (
				CD25D72F1B2732FE008B3FB3 /* GeoJSON.swift in Sources */,
				CD20F1DF1B283F580045D8FD /* SpatialRelations.swift in Sources */,
				CD25D7361B2732FE008B3FB3 /* MapKit.swift in Sources */,
				CD25D7381B2732FE008B3FB3 /* SpatialAnalysis.swift in Sources */,
				BF7C38081F82F03D001509AF /* Feature.swift in Sources */,
				CD25D7371B2732FE008B3FB3 /* QuickLook.swift in Sources */,
				4993ABEB20F4F1CF0066547D /* LinearRef.swift in Sources */,
				CD25D7301B2732FE008B3FB3 /* GEOS.swift in Sources */,
				CD20F1E11B2844210045D8FD /* Geometries.swift in Sources */,
				4993ABEC20F4F1CF0066547D /* MiscFunctions.swift in Sources */,
			);
			runOnlyForDeploymentPostprocessing = 0;
		};
		CD22998A1B10B506002C19AE /* Sources */ = {
			isa = PBXSourcesBuildPhase;
			buildActionMask = 2147483647;
			files = (
				494B87D721051CFF009BE929 /* QuickLookTests.swift in Sources */,
				CD2299981B10B506002C19AE /* GEOSTests.swift in Sources */,
				818D7A7F1F5F5FDF00E55FB5 /* GeoJSONTests.swift in Sources */,
				494B87DD21068D7C009BE929 /* SnapshotImage.swift in Sources */,
				494B87D921051F6D009BE929 /* MapKit+Equatable.swift in Sources */,
				CDB7EC051B287CE70055835C /* MapKitTests.swift in Sources */,
			);
			runOnlyForDeploymentPostprocessing = 0;
		};
/* End PBXSourcesBuildPhase section */

/* Begin PBXTargetDependency section */
		CD2299911B10B506002C19AE /* PBXTargetDependency */ = {
			isa = PBXTargetDependency;
			target = CD2299831B10B506002C19AE /* GEOSwift */;
			targetProxy = CD2299901B10B506002C19AE /* PBXContainerItemProxy */;
		};
/* End PBXTargetDependency section */

/* Begin XCBuildConfiguration section */
		CD22999E1B10B506002C19AE /* Debug */ = {
			isa = XCBuildConfiguration;
			buildSettings = {
				DEFINES_MODULE = YES;
				DYLIB_COMPATIBILITY_VERSION = 1;
				DYLIB_CURRENT_VERSION = 1;
				DYLIB_INSTALL_NAME_BASE = "@rpath";
				FRAMEWORK_SEARCH_PATHS = (
					"$(inherited)",
					"$(PROJECT_DIR)/Carthage/Build/iOS",
				);
				GCC_PREPROCESSOR_DEFINITIONS = (
					"$(inherited)",
					GEOS_USE_ONLY_R_API,
				);
				INFOPLIST_FILE = GEOSwift/Info.plist;
				INSTALL_PATH = "$(LOCAL_LIBRARY_DIR)/Frameworks";
				PRODUCT_BUNDLE_IDENTIFIER = "it.andreacremaschi.$(PRODUCT_NAME:rfc1034identifier)";
				PRODUCT_NAME = "$(TARGET_NAME)";
				SKIP_INSTALL = YES;
				TARGETED_DEVICE_FAMILY = "1,2";
			};
			name = Debug;
		};
		CD22999F1B10B506002C19AE /* Release */ = {
			isa = XCBuildConfiguration;
			buildSettings = {
				DEFINES_MODULE = YES;
				DYLIB_COMPATIBILITY_VERSION = 1;
				DYLIB_CURRENT_VERSION = 1;
				DYLIB_INSTALL_NAME_BASE = "@rpath";
				FRAMEWORK_SEARCH_PATHS = (
					"$(inherited)",
					"$(PROJECT_DIR)/Carthage/Build/iOS",
				);
				GCC_PREPROCESSOR_DEFINITIONS = (
					"$(inherited)",
					GEOS_USE_ONLY_R_API,
				);
				INFOPLIST_FILE = GEOSwift/Info.plist;
				INSTALL_PATH = "$(LOCAL_LIBRARY_DIR)/Frameworks";
				PRODUCT_BUNDLE_IDENTIFIER = "it.andreacremaschi.$(PRODUCT_NAME:rfc1034identifier)";
				PRODUCT_NAME = "$(TARGET_NAME)";
				SKIP_INSTALL = YES;
				TARGETED_DEVICE_FAMILY = "1,2";
			};
			name = Release;
		};
		CD2299A21B10B506002C19AE /* Debug */ = {
			isa = XCBuildConfiguration;
			buildSettings = {
				COMPRESS_PNG_FILES = NO;
				FRAMEWORK_SEARCH_PATHS = (
					"$(inherited)",
					"$(PROJECT_DIR)/Carthage/Build/iOS",
				);
				INFOPLIST_FILE = GEOSwiftTests/Info.plist;
				LD_RUNPATH_SEARCH_PATHS = "@loader_path/Frameworks";
				PRODUCT_BUNDLE_IDENTIFIER = "it.andreacremaschi.$(PRODUCT_NAME:rfc1034identifier)";
				PRODUCT_NAME = "$(TARGET_NAME)";
				STRIP_PNG_TEXT = NO;
			};
			name = Debug;
		};
		CD2299A31B10B506002C19AE /* Release */ = {
			isa = XCBuildConfiguration;
			buildSettings = {
				COMPRESS_PNG_FILES = NO;
				FRAMEWORK_SEARCH_PATHS = (
					"$(inherited)",
					"$(PROJECT_DIR)/Carthage/Build/iOS",
				);
				INFOPLIST_FILE = GEOSwiftTests/Info.plist;
				LD_RUNPATH_SEARCH_PATHS = "@loader_path/Frameworks";
				PRODUCT_BUNDLE_IDENTIFIER = "it.andreacremaschi.$(PRODUCT_NAME:rfc1034identifier)";
				PRODUCT_NAME = "$(TARGET_NAME)";
				STRIP_PNG_TEXT = NO;
			};
			name = Release;
		};
		CD6533CE1B0E0DFF00DE6D84 /* Debug */ = {
			isa = XCBuildConfiguration;
			buildSettings = {
				ALWAYS_SEARCH_USER_PATHS = NO;
				CLANG_ANALYZER_LOCALIZABILITY_NONLOCALIZED = YES;
				CLANG_ENABLE_MODULES = YES;
				CLANG_ENABLE_OBJC_ARC = YES;
				CLANG_WARN_BLOCK_CAPTURE_AUTORELEASING = YES;
				CLANG_WARN_BOOL_CONVERSION = YES;
				CLANG_WARN_COMMA = YES;
				CLANG_WARN_CONSTANT_CONVERSION = YES;
				CLANG_WARN_DEPRECATED_OBJC_IMPLEMENTATIONS = YES;
				CLANG_WARN_DIRECT_OBJC_ISA_USAGE = YES_ERROR;
				CLANG_WARN_EMPTY_BODY = YES;
				CLANG_WARN_ENUM_CONVERSION = YES;
				CLANG_WARN_INFINITE_RECURSION = YES;
				CLANG_WARN_INT_CONVERSION = YES;
				CLANG_WARN_NON_LITERAL_NULL_CONVERSION = YES;
				CLANG_WARN_OBJC_IMPLICIT_RETAIN_SELF = YES;
				CLANG_WARN_OBJC_LITERAL_CONVERSION = YES;
				CLANG_WARN_OBJC_ROOT_CLASS = YES_ERROR;
				CLANG_WARN_RANGE_LOOP_ANALYSIS = YES;
				CLANG_WARN_STRICT_PROTOTYPES = YES;
				CLANG_WARN_SUSPICIOUS_MOVE = YES;
				CLANG_WARN_UNREACHABLE_CODE = YES;
				CLANG_WARN__DUPLICATE_METHOD_MATCH = YES;
				COPY_PHASE_STRIP = NO;
				DEBUG_INFORMATION_FORMAT = "dwarf-with-dsym";
				ENABLE_STRICT_OBJC_MSGSEND = YES;
				ENABLE_TESTABILITY = YES;
				GCC_DYNAMIC_NO_PIC = NO;
				GCC_NO_COMMON_BLOCKS = YES;
				GCC_OPTIMIZATION_LEVEL = 0;
				GCC_PREPROCESSOR_DEFINITIONS = (
					"DEBUG=1",
					"$(inherited)",
				);
				GCC_SYMBOLS_PRIVATE_EXTERN = NO;
				GCC_WARN_64_TO_32_BIT_CONVERSION = YES;
				GCC_WARN_ABOUT_RETURN_TYPE = YES_ERROR;
				GCC_WARN_UNDECLARED_SELECTOR = YES;
				GCC_WARN_UNINITIALIZED_AUTOS = YES_AGGRESSIVE;
				GCC_WARN_UNUSED_FUNCTION = YES;
				GCC_WARN_UNUSED_VARIABLE = YES;
				IPHONEOS_DEPLOYMENT_TARGET = 8.0;
				ONLY_ACTIVE_ARCH = YES;
				SDKROOT = iphoneos;
				SWIFT_OPTIMIZATION_LEVEL = "-Onone";
				SWIFT_VERSION = 5.0;
			};
			name = Debug;
		};
		CD6533CF1B0E0DFF00DE6D84 /* Release */ = {
			isa = XCBuildConfiguration;
			buildSettings = {
				ALWAYS_SEARCH_USER_PATHS = NO;
				CLANG_ANALYZER_LOCALIZABILITY_NONLOCALIZED = YES;
				CLANG_ENABLE_MODULES = YES;
				CLANG_ENABLE_OBJC_ARC = YES;
				CLANG_WARN_BLOCK_CAPTURE_AUTORELEASING = YES;
				CLANG_WARN_BOOL_CONVERSION = YES;
				CLANG_WARN_COMMA = YES;
				CLANG_WARN_CONSTANT_CONVERSION = YES;
				CLANG_WARN_DEPRECATED_OBJC_IMPLEMENTATIONS = YES;
				CLANG_WARN_DIRECT_OBJC_ISA_USAGE = YES_ERROR;
				CLANG_WARN_EMPTY_BODY = YES;
				CLANG_WARN_ENUM_CONVERSION = YES;
				CLANG_WARN_INFINITE_RECURSION = YES;
				CLANG_WARN_INT_CONVERSION = YES;
				CLANG_WARN_NON_LITERAL_NULL_CONVERSION = YES;
				CLANG_WARN_OBJC_IMPLICIT_RETAIN_SELF = YES;
				CLANG_WARN_OBJC_LITERAL_CONVERSION = YES;
				CLANG_WARN_OBJC_ROOT_CLASS = YES_ERROR;
				CLANG_WARN_RANGE_LOOP_ANALYSIS = YES;
				CLANG_WARN_STRICT_PROTOTYPES = YES;
				CLANG_WARN_SUSPICIOUS_MOVE = YES;
				CLANG_WARN_UNREACHABLE_CODE = YES;
				CLANG_WARN__DUPLICATE_METHOD_MATCH = YES;
				COPY_PHASE_STRIP = NO;
				DEBUG_INFORMATION_FORMAT = "dwarf-with-dsym";
				ENABLE_NS_ASSERTIONS = NO;
				ENABLE_STRICT_OBJC_MSGSEND = YES;
				GCC_NO_COMMON_BLOCKS = YES;
				GCC_WARN_64_TO_32_BIT_CONVERSION = YES;
				GCC_WARN_ABOUT_RETURN_TYPE = YES_ERROR;
				GCC_WARN_UNDECLARED_SELECTOR = YES;
				GCC_WARN_UNINITIALIZED_AUTOS = YES_AGGRESSIVE;
				GCC_WARN_UNUSED_FUNCTION = YES;
				GCC_WARN_UNUSED_VARIABLE = YES;
				IPHONEOS_DEPLOYMENT_TARGET = 8.0;
				SDKROOT = iphoneos;
				SWIFT_OPTIMIZATION_LEVEL = "-Owholemodule";
				SWIFT_VERSION = 5.0;
				VALIDATE_PRODUCT = YES;
			};
			name = Release;
		};
/* End XCBuildConfiguration section */

/* Begin XCConfigurationList section */
		CD22999D1B10B506002C19AE /* Build configuration list for PBXNativeTarget "GEOSwift" */ = {
			isa = XCConfigurationList;
			buildConfigurations = (
				CD22999E1B10B506002C19AE /* Debug */,
				CD22999F1B10B506002C19AE /* Release */,
			);
			defaultConfigurationIsVisible = 0;
			defaultConfigurationName = Release;
		};
		CD2299A11B10B506002C19AE /* Build configuration list for PBXNativeTarget "GEOSwiftTests" */ = {
			isa = XCConfigurationList;
			buildConfigurations = (
				CD2299A21B10B506002C19AE /* Debug */,
				CD2299A31B10B506002C19AE /* Release */,
			);
			defaultConfigurationIsVisible = 0;
			defaultConfigurationName = Release;
		};
		CD6533AC1B0E0DFF00DE6D84 /* Build configuration list for PBXProject "GEOSwift" */ = {
			isa = XCConfigurationList;
			buildConfigurations = (
				CD6533CE1B0E0DFF00DE6D84 /* Debug */,
				CD6533CF1B0E0DFF00DE6D84 /* Release */,
			);
			defaultConfigurationIsVisible = 0;
			defaultConfigurationName = Release;
		};
/* End XCConfigurationList section */
	};
	rootObject = CD6533A91B0E0DFF00DE6D84 /* Project object */;
}
