// !$*UTF8*$!
{
	archiveVersion = 1;
	classes = {
	};
	objectVersion = 46;
	objects = {

/* Begin PBXBuildFile section */
		335C11A98B9F38F1FD0BADB2 /* Pods_GEOSwiftTests.framework in Frameworks */ = {isa = PBXBuildFile; fileRef = FC30B2E0DB51B308F3F23D7D /* Pods_GEOSwiftTests.framework */; };
		7DF3A6F13BA744362BEF2CBF /* (null) in Frameworks */ = {isa = PBXBuildFile; settings = {ATTRIBUTES = (Weak, ); }; };
		CD20F1DD1B2830700045D8FD /* GEOSwift.framework in CopyFiles */ = {isa = PBXBuildFile; fileRef = CD2299841B10B506002C19AE /* GEOSwift.framework */; settings = {ATTRIBUTES = (CodeSignOnCopy, RemoveHeadersOnCopy, ); }; };
		CD20F1DF1B283F580045D8FD /* SpatialRelations.swift in Sources */ = {isa = PBXBuildFile; fileRef = CD20F1DE1B283F580045D8FD /* SpatialRelations.swift */; };
		CD20F1E11B2844210045D8FD /* Geometries.swift in Sources */ = {isa = PBXBuildFile; fileRef = CD20F1E01B2844210045D8FD /* Geometries.swift */; };
		CD22998F1B10B506002C19AE /* GEOSwift.framework in Frameworks */ = {isa = PBXBuildFile; fileRef = CD2299841B10B506002C19AE /* GEOSwift.framework */; };
		CD2299981B10B506002C19AE /* GEOSTests.swift in Sources */ = {isa = PBXBuildFile; fileRef = CD2299971B10B506002C19AE /* GEOSTests.swift */; };
		CD25D72F1B2732FE008B3FB3 /* GeoJSON.swift in Sources */ = {isa = PBXBuildFile; fileRef = CD25D7251B2732FE008B3FB3 /* GeoJSON.swift */; };
		CD25D7301B2732FE008B3FB3 /* GEOS.swift in Sources */ = {isa = PBXBuildFile; fileRef = CD25D7261B2732FE008B3FB3 /* GEOS.swift */; };
		CD25D7361B2732FE008B3FB3 /* MapKit.swift in Sources */ = {isa = PBXBuildFile; fileRef = CD25D72C1B2732FE008B3FB3 /* MapKit.swift */; };
		CD25D7371B2732FE008B3FB3 /* QuickLook.swift in Sources */ = {isa = PBXBuildFile; fileRef = CD25D72D1B2732FE008B3FB3 /* QuickLook.swift */; };
		CD25D7381B2732FE008B3FB3 /* SpatialAnalysis.swift in Sources */ = {isa = PBXBuildFile; fileRef = CD25D72E1B2732FE008B3FB3 /* SpatialAnalysis.swift */; };
		CD25D73E1B27364E008B3FB3 /* GEOSwift.h in Headers */ = {isa = PBXBuildFile; fileRef = CD25D73D1B27364E008B3FB3 /* GEOSwift.h */; settings = {ATTRIBUTES = (Public, ); }; };
		CD2DE39E1B396FF400E7BCD4 /* feature.geojson in Resources */ = {isa = PBXBuildFile; fileRef = CDA09FFB1B3968B00092C6C6 /* feature.geojson */; };
		CD2DE39F1B39750200E7BCD4 /* multipolygon.geojson in Resources */ = {isa = PBXBuildFile; fileRef = CDB71B3B1B16210C0044B3DD /* multipolygon.geojson */; };
		CD2DE3A01B39750200E7BCD4 /* geometrycollection.geojson in Resources */ = {isa = PBXBuildFile; fileRef = CDB0A9D51B21A5FD00AB2F46 /* geometrycollection.geojson */; };
		CD2DE3A11B39750200E7BCD4 /* polygon.geojson in Resources */ = {isa = PBXBuildFile; fileRef = CD0C44321B20368600E7B24E /* polygon.geojson */; };
		CD2DE3A21B39750200E7BCD4 /* multipoint.geojson in Resources */ = {isa = PBXBuildFile; fileRef = CDB71B3D1B16459A0044B3DD /* multipoint.geojson */; };
		CD2DE3A31B39750200E7BCD4 /* featurecollection.geojson in Resources */ = {isa = PBXBuildFile; fileRef = CDB71B391B15FFEC0044B3DD /* featurecollection.geojson */; };
		CD2DE3A41B39750200E7BCD4 /* linestring.geojson in Resources */ = {isa = PBXBuildFile; fileRef = CDA09FFC1B3968B00092C6C6 /* linestring.geojson */; };
		CD2DE3A51B39750200E7BCD4 /* multilinestring.geojson in Resources */ = {isa = PBXBuildFile; fileRef = CDA09FFD1B3968B00092C6C6 /* multilinestring.geojson */; };
		CD2DE3A61B39750200E7BCD4 /* point.geojson in Resources */ = {isa = PBXBuildFile; fileRef = CDA09FFE1B3968B00092C6C6 /* point.geojson */; };
		CDB7EC051B287CE70055835C /* MapKitTests.swift in Sources */ = {isa = PBXBuildFile; fileRef = CDB7EC041B287CE70055835C /* MapKitTests.swift */; };
		DA312B501383705279D8884F /* Pods_GEOSwift.framework in Frameworks */ = {isa = PBXBuildFile; fileRef = B7BE8B8564B5063CCA6CC117 /* Pods_GEOSwift.framework */; };
/* End PBXBuildFile section */

/* Begin PBXContainerItemProxy section */
		CD2299901B10B506002C19AE /* PBXContainerItemProxy */ = {
			isa = PBXContainerItemProxy;
			containerPortal = CD6533A91B0E0DFF00DE6D84 /* Project object */;
			proxyType = 1;
			remoteGlobalIDString = CD2299831B10B506002C19AE;
			remoteInfo = Humboldt;
		};
/* End PBXContainerItemProxy section */

/* Begin PBXCopyFilesBuildPhase section */
		CD20F1DC1B2830600045D8FD /* CopyFiles */ = {
			isa = PBXCopyFilesBuildPhase;
			buildActionMask = 2147483647;
			dstPath = "";
			dstSubfolderSpec = 10;
			files = (
				CD20F1DD1B2830700045D8FD /* GEOSwift.framework in CopyFiles */,
			);
			runOnlyForDeploymentPostprocessing = 0;
		};
/* End PBXCopyFilesBuildPhase section */

/* Begin PBXFileReference section */
		064004E2312FE3AA64F072FA /* Pods.framework */ = {isa = PBXFileReference; explicitFileType = wrapper.framework; includeInIndex = 0; path = Pods.framework; sourceTree = BUILT_PRODUCTS_DIR; };
		4929BC7A1B0BE392CD9BD0CD /* Pods-GEOSwiftTests.debug.xcconfig */ = {isa = PBXFileReference; includeInIndex = 1; lastKnownFileType = text.xcconfig; name = "Pods-GEOSwiftTests.debug.xcconfig"; path = "Pods/Target Support Files/Pods-GEOSwiftTests/Pods-GEOSwiftTests.debug.xcconfig"; sourceTree = "<group>"; };
		537B2F7965DB5ECD6E1CFB64 /* Pods-GEOSwiftTests.release.xcconfig */ = {isa = PBXFileReference; includeInIndex = 1; lastKnownFileType = text.xcconfig; name = "Pods-GEOSwiftTests.release.xcconfig"; path = "Pods/Target Support Files/Pods-GEOSwiftTests/Pods-GEOSwiftTests.release.xcconfig"; sourceTree = "<group>"; };
		7D7DCB36E4FE6316A656A43A /* Pods-GEOSwift.debug.xcconfig */ = {isa = PBXFileReference; includeInIndex = 1; lastKnownFileType = text.xcconfig; name = "Pods-GEOSwift.debug.xcconfig"; path = "Pods/Target Support Files/Pods-GEOSwift/Pods-GEOSwift.debug.xcconfig"; sourceTree = "<group>"; };
		B7BE8B8564B5063CCA6CC117 /* Pods_GEOSwift.framework */ = {isa = PBXFileReference; explicitFileType = wrapper.framework; includeInIndex = 0; path = Pods_GEOSwift.framework; sourceTree = BUILT_PRODUCTS_DIR; };
		CD0C44321B20368600E7B24E /* polygon.geojson */ = {isa = PBXFileReference; fileEncoding = 4; lastKnownFileType = text; path = polygon.geojson; sourceTree = "<group>"; };
		CD20F1DA1B282CC40045D8FD /* Pods.framework */ = {isa = PBXFileReference; lastKnownFileType = wrapper.framework; name = Pods.framework; path = "Pods/../build/Debug-iphoneos/Pods.framework"; sourceTree = "<group>"; };
		CD20F1DE1B283F580045D8FD /* SpatialRelations.swift */ = {isa = PBXFileReference; fileEncoding = 4; lastKnownFileType = sourcecode.swift; path = SpatialRelations.swift; sourceTree = "<group>"; };
		CD20F1E01B2844210045D8FD /* Geometries.swift */ = {isa = PBXFileReference; fileEncoding = 4; lastKnownFileType = sourcecode.swift; path = Geometries.swift; sourceTree = "<group>"; };
		CD2299841B10B506002C19AE /* GEOSwift.framework */ = {isa = PBXFileReference; explicitFileType = wrapper.framework; includeInIndex = 0; path = GEOSwift.framework; sourceTree = BUILT_PRODUCTS_DIR; };
		CD2299871B10B506002C19AE /* Info.plist */ = {isa = PBXFileReference; lastKnownFileType = text.plist; name = Info.plist; path = ../Humboldt.bak/Humboldt/Info.plist; sourceTree = "<group>"; };
		CD22998E1B10B506002C19AE /* GEOSwiftTests.xctest */ = {isa = PBXFileReference; explicitFileType = wrapper.cfbundle; includeInIndex = 0; path = GEOSwiftTests.xctest; sourceTree = BUILT_PRODUCTS_DIR; };
		CD2299961B10B506002C19AE /* Info.plist */ = {isa = PBXFileReference; lastKnownFileType = text.plist.xml; path = Info.plist; sourceTree = "<group>"; };
		CD2299971B10B506002C19AE /* GEOSTests.swift */ = {isa = PBXFileReference; lastKnownFileType = sourcecode.swift; path = GEOSTests.swift; sourceTree = "<group>"; };
		CD25D7251B2732FE008B3FB3 /* GeoJSON.swift */ = {isa = PBXFileReference; fileEncoding = 4; lastKnownFileType = sourcecode.swift; path = GeoJSON.swift; sourceTree = "<group>"; };
		CD25D7261B2732FE008B3FB3 /* GEOS.swift */ = {isa = PBXFileReference; fileEncoding = 4; lastKnownFileType = sourcecode.swift; path = GEOS.swift; sourceTree = "<group>"; };
		CD25D72C1B2732FE008B3FB3 /* MapKit.swift */ = {isa = PBXFileReference; fileEncoding = 4; lastKnownFileType = sourcecode.swift; path = MapKit.swift; sourceTree = "<group>"; };
		CD25D72D1B2732FE008B3FB3 /* QuickLook.swift */ = {isa = PBXFileReference; fileEncoding = 4; lastKnownFileType = sourcecode.swift; path = QuickLook.swift; sourceTree = "<group>"; };
		CD25D72E1B2732FE008B3FB3 /* SpatialAnalysis.swift */ = {isa = PBXFileReference; fileEncoding = 4; lastKnownFileType = sourcecode.swift; path = SpatialAnalysis.swift; sourceTree = "<group>"; };
		CD25D73D1B27364E008B3FB3 /* GEOSwift.h */ = {isa = PBXFileReference; fileEncoding = 4; lastKnownFileType = sourcecode.c.h; name = GEOSwift.h; path = GEOSwift/GEOSwift.h; sourceTree = SOURCE_ROOT; };
		CD81DB6C1B91C13D0085F772 /* MapboxGLAnnotations.swift */ = {isa = PBXFileReference; fileEncoding = 4; lastKnownFileType = sourcecode.swift; path = MapboxGLAnnotations.swift; sourceTree = "<group>"; };
		CDA09FFB1B3968B00092C6C6 /* feature.geojson */ = {isa = PBXFileReference; fileEncoding = 4; lastKnownFileType = text; path = feature.geojson; sourceTree = "<group>"; };
		CDA09FFC1B3968B00092C6C6 /* linestring.geojson */ = {isa = PBXFileReference; fileEncoding = 4; lastKnownFileType = text; path = linestring.geojson; sourceTree = "<group>"; };
		CDA09FFD1B3968B00092C6C6 /* multilinestring.geojson */ = {isa = PBXFileReference; fileEncoding = 4; lastKnownFileType = text; path = multilinestring.geojson; sourceTree = "<group>"; };
		CDA09FFE1B3968B00092C6C6 /* point.geojson */ = {isa = PBXFileReference; fileEncoding = 4; lastKnownFileType = text; path = point.geojson; sourceTree = "<group>"; };
		CDB0A9D51B21A5FD00AB2F46 /* geometrycollection.geojson */ = {isa = PBXFileReference; fileEncoding = 4; lastKnownFileType = text; path = geometrycollection.geojson; sourceTree = "<group>"; };
		CDB71B391B15FFEC0044B3DD /* featurecollection.geojson */ = {isa = PBXFileReference; fileEncoding = 4; lastKnownFileType = text; path = featurecollection.geojson; sourceTree = "<group>"; };
		CDB71B3B1B16210C0044B3DD /* multipolygon.geojson */ = {isa = PBXFileReference; fileEncoding = 4; lastKnownFileType = text; path = multipolygon.geojson; sourceTree = "<group>"; };
		CDB71B3D1B16459A0044B3DD /* multipoint.geojson */ = {isa = PBXFileReference; fileEncoding = 4; lastKnownFileType = text; path = multipoint.geojson; sourceTree = "<group>"; };
		CDB7EC041B287CE70055835C /* MapKitTests.swift */ = {isa = PBXFileReference; fileEncoding = 4; lastKnownFileType = sourcecode.swift; path = MapKitTests.swift; sourceTree = "<group>"; };
		CDDA8F591BE3E6DF007AA9EB /* Pods.framework */ = {isa = PBXFileReference; lastKnownFileType = wrapper.framework; name = Pods.framework; path = "Pods/../build/Debug-iphoneos/Pods.framework"; sourceTree = "<group>"; };
		FC30B2E0DB51B308F3F23D7D /* Pods_GEOSwiftTests.framework */ = {isa = PBXFileReference; explicitFileType = wrapper.framework; includeInIndex = 0; path = Pods_GEOSwiftTests.framework; sourceTree = BUILT_PRODUCTS_DIR; };
		FF90076F32D911E63EE5ACA5 /* Pods-GEOSwift.release.xcconfig */ = {isa = PBXFileReference; includeInIndex = 1; lastKnownFileType = text.xcconfig; name = "Pods-GEOSwift.release.xcconfig"; path = "Pods/Target Support Files/Pods-GEOSwift/Pods-GEOSwift.release.xcconfig"; sourceTree = "<group>"; };
/* End PBXFileReference section */

/* Begin PBXFrameworksBuildPhase section */
		36BA490CD3061F30F02CD17A /* Frameworks */ = {
			isa = PBXFrameworksBuildPhase;
			buildActionMask = 2147483647;
			files = (
				DA312B501383705279D8884F /* Pods_GEOSwift.framework in Frameworks */,
			);
			runOnlyForDeploymentPostprocessing = 0;
		};
		CD22998B1B10B506002C19AE /* Frameworks */ = {
			isa = PBXFrameworksBuildPhase;
			buildActionMask = 2147483647;
			files = (
				CD22998F1B10B506002C19AE /* GEOSwift.framework in Frameworks */,
				7DF3A6F13BA744362BEF2CBF /* (null) in Frameworks */,
				335C11A98B9F38F1FD0BADB2 /* Pods_GEOSwiftTests.framework in Frameworks */,
			);
			runOnlyForDeploymentPostprocessing = 0;
		};
/* End PBXFrameworksBuildPhase section */

/* Begin PBXGroup section */
		16F88BA0E437519EF7629362 /* Pods */ = {
			isa = PBXGroup;
			children = (
				7D7DCB36E4FE6316A656A43A /* Pods-GEOSwift.debug.xcconfig */,
				FF90076F32D911E63EE5ACA5 /* Pods-GEOSwift.release.xcconfig */,
				4929BC7A1B0BE392CD9BD0CD /* Pods-GEOSwiftTests.debug.xcconfig */,
				537B2F7965DB5ECD6E1CFB64 /* Pods-GEOSwiftTests.release.xcconfig */,
			);
			name = Pods;
			sourceTree = "<group>";
		};
		CD2299851B10B506002C19AE /* GEOSwift */ = {
			isa = PBXGroup;
			children = (
				CD25D73D1B27364E008B3FB3 /* GEOSwift.h */,
				CD25D7241B2732FE008B3FB3 /* Source */,
				CD2299861B10B506002C19AE /* Supporting Files */,
			);
			name = GEOSwift;
			path = Humboldt;
			sourceTree = "<group>";
		};
		CD2299861B10B506002C19AE /* Supporting Files */ = {
			isa = PBXGroup;
			children = (
				CD2299871B10B506002C19AE /* Info.plist */,
			);
			name = "Supporting Files";
			sourceTree = "<group>";
		};
		CD2299941B10B506002C19AE /* GEOSwiftTests */ = {
			isa = PBXGroup;
			children = (
				CD2299971B10B506002C19AE /* GEOSTests.swift */,
				CDB7EC041B287CE70055835C /* MapKitTests.swift */,
				CDB71B3B1B16210C0044B3DD /* multipolygon.geojson */,
				CDB0A9D51B21A5FD00AB2F46 /* geometrycollection.geojson */,
				CD0C44321B20368600E7B24E /* polygon.geojson */,
				CDB71B3D1B16459A0044B3DD /* multipoint.geojson */,
				CDB71B391B15FFEC0044B3DD /* featurecollection.geojson */,
				CDA09FFB1B3968B00092C6C6 /* feature.geojson */,
				CDA09FFC1B3968B00092C6C6 /* linestring.geojson */,
				CDA09FFD1B3968B00092C6C6 /* multilinestring.geojson */,
				CDA09FFE1B3968B00092C6C6 /* point.geojson */,
				CD2299951B10B506002C19AE /* Supporting Files */,
			);
			path = GEOSwiftTests;
			sourceTree = "<group>";
		};
		CD2299951B10B506002C19AE /* Supporting Files */ = {
			isa = PBXGroup;
			children = (
				CD2299961B10B506002C19AE /* Info.plist */,
			);
			name = "Supporting Files";
			sourceTree = "<group>";
		};
		CD25D7241B2732FE008B3FB3 /* Source */ = {
			isa = PBXGroup;
			children = (
				CD25D7261B2732FE008B3FB3 /* GEOS.swift */,
				CD20F1E01B2844210045D8FD /* Geometries.swift */,
				CD25D72E1B2732FE008B3FB3 /* SpatialAnalysis.swift */,
				CD20F1DE1B283F580045D8FD /* SpatialRelations.swift */,
				CD25D7251B2732FE008B3FB3 /* GeoJSON.swift */,
				CD25D72C1B2732FE008B3FB3 /* MapKit.swift */,
				CD25D72D1B2732FE008B3FB3 /* QuickLook.swift */,
				CD81DB6B1B91C13D0085F772 /* MapboxGL */,
			);
			name = Source;
			path = GEOSwift;
			sourceTree = SOURCE_ROOT;
		};
		CD6533A81B0E0DFF00DE6D84 = {
			isa = PBXGroup;
			children = (
				CD2299851B10B506002C19AE /* GEOSwift */,
				CD2299941B10B506002C19AE /* GEOSwiftTests */,
				CD6533B21B0E0DFF00DE6D84 /* Products */,
				F249FE82CF1F95FBFCF62C71 /* Frameworks */,
				16F88BA0E437519EF7629362 /* Pods */,
			);
			sourceTree = "<group>";
		};
		CD6533B21B0E0DFF00DE6D84 /* Products */ = {
			isa = PBXGroup;
			children = (
				CD2299841B10B506002C19AE /* GEOSwift.framework */,
				CD22998E1B10B506002C19AE /* GEOSwiftTests.xctest */,
			);
			name = Products;
			sourceTree = "<group>";
		};
		CD81DB6B1B91C13D0085F772 /* MapboxGL */ = {
			isa = PBXGroup;
			children = (
				CD81DB6C1B91C13D0085F772 /* MapboxGLAnnotations.swift */,
			);
			path = MapboxGL;
			sourceTree = "<group>";
		};
		F249FE82CF1F95FBFCF62C71 /* Frameworks */ = {
			isa = PBXGroup;
			children = (
				CDDA8F591BE3E6DF007AA9EB /* Pods.framework */,
				CD20F1DA1B282CC40045D8FD /* Pods.framework */,
				064004E2312FE3AA64F072FA /* Pods.framework */,
				B7BE8B8564B5063CCA6CC117 /* Pods_GEOSwift.framework */,
				FC30B2E0DB51B308F3F23D7D /* Pods_GEOSwiftTests.framework */,
			);
			name = Frameworks;
			sourceTree = "<group>";
		};
/* End PBXGroup section */

/* Begin PBXHeadersBuildPhase section */
		CD2299811B10B506002C19AE /* Headers */ = {
			isa = PBXHeadersBuildPhase;
			buildActionMask = 2147483647;
			files = (
				CD25D73E1B27364E008B3FB3 /* GEOSwift.h in Headers */,
			);
			runOnlyForDeploymentPostprocessing = 0;
		};
/* End PBXHeadersBuildPhase section */

/* Begin PBXNativeTarget section */
		CD2299831B10B506002C19AE /* GEOSwift */ = {
			isa = PBXNativeTarget;
			buildConfigurationList = CD22999D1B10B506002C19AE /* Build configuration list for PBXNativeTarget "GEOSwift" */;
			buildPhases = (
				62A7A265A251663EAA88D507 /* [CP] Check Pods Manifest.lock */,
				CD22997F1B10B506002C19AE /* Sources */,
				CD2299811B10B506002C19AE /* Headers */,
				CD2299821B10B506002C19AE /* Resources */,
				36BA490CD3061F30F02CD17A /* Frameworks */,
				8C03586B494390F2C4BBEA17 /* [CP] Copy Pods Resources */,
			);
			buildRules = (
			);
			dependencies = (
			);
			name = GEOSwift;
			productName = Humboldt;
			productReference = CD2299841B10B506002C19AE /* GEOSwift.framework */;
			productType = "com.apple.product-type.framework";
		};
		CD22998D1B10B506002C19AE /* GEOSwiftTests */ = {
			isa = PBXNativeTarget;
			buildConfigurationList = CD2299A11B10B506002C19AE /* Build configuration list for PBXNativeTarget "GEOSwiftTests" */;
			buildPhases = (
				606455065DF6A2BCFFD35B84 /* [CP] Check Pods Manifest.lock */,
				CD22998A1B10B506002C19AE /* Sources */,
				CD22998B1B10B506002C19AE /* Frameworks */,
				CD22998C1B10B506002C19AE /* Resources */,
				CD20F1DC1B2830600045D8FD /* CopyFiles */,
				DE7797CE079BC339662037BC /* [CP] Embed Pods Frameworks */,
				899F3C1F74F9FFEA3B25EDE1 /* [CP] Copy Pods Resources */,
			);
			buildRules = (
			);
			dependencies = (
				CD2299911B10B506002C19AE /* PBXTargetDependency */,
			);
			name = GEOSwiftTests;
			productName = HumboldtTests;
			productReference = CD22998E1B10B506002C19AE /* GEOSwiftTests.xctest */;
			productType = "com.apple.product-type.bundle.unit-test";
		};
/* End PBXNativeTarget section */

/* Begin PBXProject section */
		CD6533A91B0E0DFF00DE6D84 /* Project object */ = {
			isa = PBXProject;
			attributes = {
				LastSwiftUpdateCheck = 0700;
				LastUpgradeCheck = 0800;
				ORGANIZATIONNAME = andreacremaschi;
				TargetAttributes = {
					CD2299831B10B506002C19AE = {
						CreatedOnToolsVersion = 6.3.2;
						LastSwiftMigration = 0800;
						ProvisioningStyle = Automatic;
					};
					CD22998D1B10B506002C19AE = {
						CreatedOnToolsVersion = 6.3.2;
						LastSwiftMigration = 0800;
						ProvisioningStyle = Automatic;
					};
				};
			};
			buildConfigurationList = CD6533AC1B0E0DFF00DE6D84 /* Build configuration list for PBXProject "GEOSwift" */;
			compatibilityVersion = "Xcode 3.2";
			developmentRegion = English;
			hasScannedForEncodings = 0;
			knownRegions = (
				en,
				Base,
			);
			mainGroup = CD6533A81B0E0DFF00DE6D84;
			productRefGroup = CD6533B21B0E0DFF00DE6D84 /* Products */;
			projectDirPath = "";
			projectRoot = "";
			targets = (
				CD2299831B10B506002C19AE /* GEOSwift */,
				CD22998D1B10B506002C19AE /* GEOSwiftTests */,
			);
		};
/* End PBXProject section */

/* Begin PBXResourcesBuildPhase section */
		CD2299821B10B506002C19AE /* Resources */ = {
			isa = PBXResourcesBuildPhase;
			buildActionMask = 2147483647;
			files = (
			);
			runOnlyForDeploymentPostprocessing = 0;
		};
		CD22998C1B10B506002C19AE /* Resources */ = {
			isa = PBXResourcesBuildPhase;
			buildActionMask = 2147483647;
			files = (
				CD2DE39F1B39750200E7BCD4 /* multipolygon.geojson in Resources */,
				CD2DE3A01B39750200E7BCD4 /* geometrycollection.geojson in Resources */,
				CD2DE3A41B39750200E7BCD4 /* linestring.geojson in Resources */,
				CD2DE3A21B39750200E7BCD4 /* multipoint.geojson in Resources */,
				CD2DE3A61B39750200E7BCD4 /* point.geojson in Resources */,
				CD2DE3A51B39750200E7BCD4 /* multilinestring.geojson in Resources */,
				CD2DE3A11B39750200E7BCD4 /* polygon.geojson in Resources */,
				CD2DE3A31B39750200E7BCD4 /* featurecollection.geojson in Resources */,
				CD2DE39E1B396FF400E7BCD4 /* feature.geojson in Resources */,
			);
			runOnlyForDeploymentPostprocessing = 0;
		};
/* End PBXResourcesBuildPhase section */

/* Begin PBXShellScriptBuildPhase section */
		606455065DF6A2BCFFD35B84 /* [CP] Check Pods Manifest.lock */ = {
			isa = PBXShellScriptBuildPhase;
			buildActionMask = 2147483647;
			files = (
			);
			inputPaths = (
			);
			name = "[CP] Check Pods Manifest.lock";
			outputPaths = (
			);
			runOnlyForDeploymentPostprocessing = 0;
			shellPath = /bin/sh;
			shellScript = "diff \"${PODS_ROOT}/../Podfile.lock\" \"${PODS_ROOT}/Manifest.lock\" > /dev/null\nif [ $? != 0 ] ; then\n    # print error to STDERR\n    echo \"error: The sandbox is not in sync with the Podfile.lock. Run 'pod install' or update your CocoaPods installation.\" >&2\n    exit 1\nfi\n";
			showEnvVarsInLog = 0;
		};
		62A7A265A251663EAA88D507 /* [CP] Check Pods Manifest.lock */ = {
			isa = PBXShellScriptBuildPhase;
			buildActionMask = 2147483647;
			files = (
			);
			inputPaths = (
			);
			name = "[CP] Check Pods Manifest.lock";
			outputPaths = (
			);
			runOnlyForDeploymentPostprocessing = 0;
			shellPath = /bin/sh;
			shellScript = "diff \"${PODS_ROOT}/../Podfile.lock\" \"${PODS_ROOT}/Manifest.lock\" > /dev/null\nif [ $? != 0 ] ; then\n    # print error to STDERR\n    echo \"error: The sandbox is not in sync with the Podfile.lock. Run 'pod install' or update your CocoaPods installation.\" >&2\n    exit 1\nfi\n";
			showEnvVarsInLog = 0;
		};
		899F3C1F74F9FFEA3B25EDE1 /* [CP] Copy Pods Resources */ = {
			isa = PBXShellScriptBuildPhase;
			buildActionMask = 2147483647;
			files = (
			);
			inputPaths = (
			);
			name = "[CP] Copy Pods Resources";
			outputPaths = (
			);
			runOnlyForDeploymentPostprocessing = 0;
			shellPath = /bin/sh;
			shellScript = "\"${SRCROOT}/Pods/Target Support Files/Pods-GEOSwiftTests/Pods-GEOSwiftTests-resources.sh\"\n";
			showEnvVarsInLog = 0;
		};
		8C03586B494390F2C4BBEA17 /* [CP] Copy Pods Resources */ = {
			isa = PBXShellScriptBuildPhase;
			buildActionMask = 2147483647;
			files = (
			);
			inputPaths = (
			);
			name = "[CP] Copy Pods Resources";
			outputPaths = (
			);
			runOnlyForDeploymentPostprocessing = 0;
			shellPath = /bin/sh;
			shellScript = "\"${SRCROOT}/Pods/Target Support Files/Pods-GEOSwift/Pods-GEOSwift-resources.sh\"\n";
			showEnvVarsInLog = 0;
		};
		DE7797CE079BC339662037BC /* [CP] Embed Pods Frameworks */ = {
			isa = PBXShellScriptBuildPhase;
			buildActionMask = 2147483647;
			files = (
			);
			inputPaths = (
			);
			name = "[CP] Embed Pods Frameworks";
			outputPaths = (
			);
			runOnlyForDeploymentPostprocessing = 0;
			shellPath = /bin/sh;
			shellScript = "\"${SRCROOT}/Pods/Target Support Files/Pods-GEOSwiftTests/Pods-GEOSwiftTests-frameworks.sh\"\n";
			showEnvVarsInLog = 0;
		};
/* End PBXShellScriptBuildPhase section */

/* Begin PBXSourcesBuildPhase section */
		CD22997F1B10B506002C19AE /* Sources */ = {
			isa = PBXSourcesBuildPhase;
			buildActionMask = 2147483647;
			files = (
				CD25D72F1B2732FE008B3FB3 /* GeoJSON.swift in Sources */,
				CD20F1DF1B283F580045D8FD /* SpatialRelations.swift in Sources */,
				CD25D7361B2732FE008B3FB3 /* MapKit.swift in Sources */,
				CD25D7381B2732FE008B3FB3 /* SpatialAnalysis.swift in Sources */,
				CD25D7371B2732FE008B3FB3 /* QuickLook.swift in Sources */,
				CD25D7301B2732FE008B3FB3 /* GEOS.swift in Sources */,
				CD20F1E11B2844210045D8FD /* Geometries.swift in Sources */,
			);
			runOnlyForDeploymentPostprocessing = 0;
		};
		CD22998A1B10B506002C19AE /* Sources */ = {
			isa = PBXSourcesBuildPhase;
			buildActionMask = 2147483647;
			files = (
				CD2299981B10B506002C19AE /* GEOSTests.swift in Sources */,
				CDB7EC051B287CE70055835C /* MapKitTests.swift in Sources */,
			);
			runOnlyForDeploymentPostprocessing = 0;
		};
/* End PBXSourcesBuildPhase section */

/* Begin PBXTargetDependency section */
		CD2299911B10B506002C19AE /* PBXTargetDependency */ = {
			isa = PBXTargetDependency;
			target = CD2299831B10B506002C19AE /* GEOSwift */;
			targetProxy = CD2299901B10B506002C19AE /* PBXContainerItemProxy */;
		};
/* End PBXTargetDependency section */

/* Begin XCBuildConfiguration section */
		CD22999E1B10B506002C19AE /* Debug */ = {
			isa = XCBuildConfiguration;
			baseConfigurationReference = 7D7DCB36E4FE6316A656A43A /* Pods-GEOSwift.debug.xcconfig */;
			buildSettings = {
				CLANG_ALLOW_NON_MODULAR_INCLUDES_IN_FRAMEWORK_MODULES = YES;
				"CODE_SIGN_IDENTITY[sdk=iphoneos*]" = "iPhone Developer";
				CURRENT_PROJECT_VERSION = 1;
				DEFINES_MODULE = YES;
				DYLIB_COMPATIBILITY_VERSION = 1;
				DYLIB_CURRENT_VERSION = 1;
				DYLIB_INSTALL_NAME_BASE = "@rpath";
				GCC_PREPROCESSOR_DEFINITIONS = (
					"DEBUG=1",
					"$(inherited)",
				);
				INFOPLIST_FILE = GEOSwift/Info.plist;
				INSTALL_PATH = "$(LOCAL_LIBRARY_DIR)/Frameworks";
				PRODUCT_BUNDLE_IDENTIFIER = "it.andreacremaschi.$(PRODUCT_NAME:rfc1034identifier)";
				PRODUCT_NAME = "$(TARGET_NAME)";
				SKIP_INSTALL = YES;
				SWIFT_VERSION = 3.0;
				TARGETED_DEVICE_FAMILY = "1,2";
				VERSIONING_SYSTEM = "apple-generic";
				VERSION_INFO_PREFIX = "";
			};
			name = Debug;
		};
		CD22999F1B10B506002C19AE /* Release */ = {
			isa = XCBuildConfiguration;
			baseConfigurationReference = FF90076F32D911E63EE5ACA5 /* Pods-GEOSwift.release.xcconfig */;
			buildSettings = {
				CLANG_ALLOW_NON_MODULAR_INCLUDES_IN_FRAMEWORK_MODULES = YES;
				"CODE_SIGN_IDENTITY[sdk=iphoneos*]" = "iPhone Developer";
				CURRENT_PROJECT_VERSION = 1;
				DEFINES_MODULE = YES;
				DYLIB_COMPATIBILITY_VERSION = 1;
				DYLIB_CURRENT_VERSION = 1;
				DYLIB_INSTALL_NAME_BASE = "@rpath";
				INFOPLIST_FILE = GEOSwift/Info.plist;
				INSTALL_PATH = "$(LOCAL_LIBRARY_DIR)/Frameworks";
				PRODUCT_BUNDLE_IDENTIFIER = "it.andreacremaschi.$(PRODUCT_NAME:rfc1034identifier)";
				PRODUCT_NAME = "$(TARGET_NAME)";
				SKIP_INSTALL = YES;
				SWIFT_VERSION = 3.0;
				TARGETED_DEVICE_FAMILY = "1,2";
				VERSIONING_SYSTEM = "apple-generic";
				VERSION_INFO_PREFIX = "";
			};
			name = Release;
		};
		CD2299A21B10B506002C19AE /* Debug */ = {
			isa = XCBuildConfiguration;
			baseConfigurationReference = 4929BC7A1B0BE392CD9BD0CD /* Pods-GEOSwiftTests.debug.xcconfig */;
			buildSettings = {
				"CODE_SIGN_IDENTITY[sdk=iphoneos*]" = "iPhone Developer";
				GCC_PREPROCESSOR_DEFINITIONS = (
					"DEBUG=1",
					"$(inherited)",
				);
				INFOPLIST_FILE = GEOSwiftTests/Info.plist;
				LD_RUNPATH_SEARCH_PATHS = "$(inherited)";
				PRODUCT_BUNDLE_IDENTIFIER = "it.andreacremaschi.$(PRODUCT_NAME:rfc1034identifier)";
				PRODUCT_NAME = "$(TARGET_NAME)";
				SWIFT_VERSION = 3.0;
			};
			name = Debug;
		};
		CD2299A31B10B506002C19AE /* Release */ = {
			isa = XCBuildConfiguration;
			baseConfigurationReference = 537B2F7965DB5ECD6E1CFB64 /* Pods-GEOSwiftTests.release.xcconfig */;
			buildSettings = {
				"CODE_SIGN_IDENTITY[sdk=iphoneos*]" = "iPhone Developer";
				INFOPLIST_FILE = GEOSwiftTests/Info.plist;
				LD_RUNPATH_SEARCH_PATHS = "$(inherited)";
				PRODUCT_BUNDLE_IDENTIFIER = "it.andreacremaschi.$(PRODUCT_NAME:rfc1034identifier)";
				PRODUCT_NAME = "$(TARGET_NAME)";
				SWIFT_VERSION = 3.0;
			};
			name = Release;
		};
		CD6533CE1B0E0DFF00DE6D84 /* Debug */ = {
			isa = XCBuildConfiguration;
			buildSettings = {
				ALWAYS_SEARCH_USER_PATHS = NO;
				CLANG_CXX_LANGUAGE_STANDARD = "gnu++0x";
				CLANG_ENABLE_MODULES = YES;
				CLANG_ENABLE_OBJC_ARC = YES;
				CLANG_WARN_BOOL_CONVERSION = YES;
				CLANG_WARN_CONSTANT_CONVERSION = YES;
				CLANG_WARN_DIRECT_OBJC_ISA_USAGE = YES_ERROR;
				CLANG_WARN_EMPTY_BODY = YES;
				CLANG_WARN_ENUM_CONVERSION = YES;
				CLANG_WARN_INFINITE_RECURSION = YES;
				CLANG_WARN_INT_CONVERSION = YES;
				CLANG_WARN_OBJC_ROOT_CLASS = YES_ERROR;
				CLANG_WARN_SUSPICIOUS_MOVE = YES;
				CLANG_WARN_UNREACHABLE_CODE = YES;
				CLANG_WARN__DUPLICATE_METHOD_MATCH = YES;
				CODE_SIGN_IDENTITY = "iPhone Developer";
				COPY_PHASE_STRIP = NO;
				DEBUG_INFORMATION_FORMAT = "dwarf-with-dsym";
				ENABLE_STRICT_OBJC_MSGSEND = YES;
				ENABLE_TESTABILITY = YES;
				GCC_C_LANGUAGE_STANDARD = gnu99;
				GCC_DYNAMIC_NO_PIC = NO;
				GCC_NO_COMMON_BLOCKS = YES;
				GCC_OPTIMIZATION_LEVEL = 0;
				GCC_PREPROCESSOR_DEFINITIONS = (
					"DEBUG=1",
					"$(inherited)",
				);
				GCC_SYMBOLS_PRIVATE_EXTERN = NO;
				GCC_WARN_64_TO_32_BIT_CONVERSION = YES;
				GCC_WARN_ABOUT_RETURN_TYPE = YES_ERROR;
				GCC_WARN_UNDECLARED_SELECTOR = YES;
				GCC_WARN_UNINITIALIZED_AUTOS = YES_AGGRESSIVE;
				GCC_WARN_UNUSED_FUNCTION = YES;
				GCC_WARN_UNUSED_VARIABLE = YES;
				IPHONEOS_DEPLOYMENT_TARGET = 8.0;
				MTL_ENABLE_DEBUG_INFO = YES;
				ONLY_ACTIVE_ARCH = YES;
				SDKROOT = iphoneos;
				SWIFT_OPTIMIZATION_LEVEL = "-Onone";
			};
			name = Debug;
		};
		CD6533CF1B0E0DFF00DE6D84 /* Release */ = {
			isa = XCBuildConfiguration;
			buildSettings = {
				ALWAYS_SEARCH_USER_PATHS = NO;
				CLANG_CXX_LANGUAGE_STANDARD = "gnu++0x";
				CLANG_ENABLE_MODULES = YES;
				CLANG_ENABLE_OBJC_ARC = YES;
				CLANG_WARN_BOOL_CONVERSION = YES;
				CLANG_WARN_CONSTANT_CONVERSION = YES;
				CLANG_WARN_DIRECT_OBJC_ISA_USAGE = YES_ERROR;
				CLANG_WARN_EMPTY_BODY = YES;
				CLANG_WARN_ENUM_CONVERSION = YES;
				CLANG_WARN_INFINITE_RECURSION = YES;
				CLANG_WARN_INT_CONVERSION = YES;
				CLANG_WARN_OBJC_ROOT_CLASS = YES_ERROR;
				CLANG_WARN_SUSPICIOUS_MOVE = YES;
				CLANG_WARN_UNREACHABLE_CODE = YES;
				CLANG_WARN__DUPLICATE_METHOD_MATCH = YES;
				CODE_SIGN_IDENTITY = "iPhone Developer";
				COPY_PHASE_STRIP = NO;
				DEBUG_INFORMATION_FORMAT = "dwarf-with-dsym";
				ENABLE_NS_ASSERTIONS = NO;
				ENABLE_STRICT_OBJC_MSGSEND = YES;
				GCC_C_LANGUAGE_STANDARD = gnu99;
				GCC_NO_COMMON_BLOCKS = YES;
				GCC_WARN_64_TO_32_BIT_CONVERSION = YES;
				GCC_WARN_ABOUT_RETURN_TYPE = YES_ERROR;
				GCC_WARN_UNDECLARED_SELECTOR = YES;
				GCC_WARN_UNINITIALIZED_AUTOS = YES_AGGRESSIVE;
				GCC_WARN_UNUSED_FUNCTION = YES;
				GCC_WARN_UNUSED_VARIABLE = YES;
				IPHONEOS_DEPLOYMENT_TARGET = 8.0;
				MTL_ENABLE_DEBUG_INFO = NO;
				SDKROOT = iphoneos;
				SWIFT_OPTIMIZATION_LEVEL = "-Owholemodule";
				VALIDATE_PRODUCT = YES;
			};
			name = Release;
		};
/* End XCBuildConfiguration section */

/* Begin XCConfigurationList section */
		CD22999D1B10B506002C19AE /* Build configuration list for PBXNativeTarget "GEOSwift" */ = {
			isa = XCConfigurationList;
			buildConfigurations = (
				CD22999E1B10B506002C19AE /* Debug */,
				CD22999F1B10B506002C19AE /* Release */,
			);
			defaultConfigurationIsVisible = 0;
			defaultConfigurationName = Release;
		};
		CD2299A11B10B506002C19AE /* Build configuration list for PBXNativeTarget "GEOSwiftTests" */ = {
			isa = XCConfigurationList;
			buildConfigurations = (
				CD2299A21B10B506002C19AE /* Debug */,
				CD2299A31B10B506002C19AE /* Release */,
			);
			defaultConfigurationIsVisible = 0;
			defaultConfigurationName = Release;
		};
		CD6533AC1B0E0DFF00DE6D84 /* Build configuration list for PBXProject "GEOSwift" */ = {
			isa = XCConfigurationList;
			buildConfigurations = (
				CD6533CE1B0E0DFF00DE6D84 /* Debug */,
				CD6533CF1B0E0DFF00DE6D84 /* Release */,
			);
			defaultConfigurationIsVisible = 0;
			defaultConfigurationName = Release;
		};
/* End XCConfigurationList section */
	};
	rootObject = CD6533A91B0E0DFF00DE6D84 /* Project object */;
}
