// !$*UTF8*$!
{
	archiveVersion = 1;
	classes = {
	};
	objectVersion = 46;
	objects = {

/* Begin PBXBuildFile section */
		25DBA94894564AA7B78DF327 /* Foundation.framework in Frameworks */ = {isa = PBXBuildFile; fileRef = 383FE50D347828F1162B9782 /* Foundation.framework */; };
		AB293A0B7F991662A1618DD1 /* Pods_GEOSwiftPlayground.framework in Frameworks */ = {isa = PBXBuildFile; fileRef = 8893A14823EA2DC272D53747 /* Pods_GEOSwiftPlayground.framework */; };
/* End PBXBuildFile section */

/* Begin PBXFileReference section */
		27461768D905C71862DFF04E /* GEOSwift.playground */ = {isa = PBXFileReference; includeInIndex = 1; lastKnownFileType = file.playground; path = GEOSwift.playground; sourceTree = "<group>"; };
		2914E60101F6A44BFC0C1F44 /* Pods-GEOSwiftPlayground.release.xcconfig */ = {isa = PBXFileReference; includeInIndex = 1; lastKnownFileType = text.xcconfig; name = "Pods-GEOSwiftPlayground.release.xcconfig"; path = "Pods/Target Support Files/Pods-GEOSwiftPlayground/Pods-GEOSwiftPlayground.release.xcconfig"; sourceTree = "<group>"; };
		383FE50D347828F1162B9782 /* Foundation.framework */ = {isa = PBXFileReference; lastKnownFileType = wrapper.framework; name = Foundation.framework; path = Platforms/iPhoneOS.platform/Developer/SDKs/iPhoneOS9.3.sdk/System/Library/Frameworks/Foundation.framework; sourceTree = DEVELOPER_DIR; };
		51BE1DA4EF18E8E123761BC0 /* Pods-GEOSwiftPlayground.debug.xcconfig */ = {isa = PBXFileReference; includeInIndex = 1; lastKnownFileType = text.xcconfig; name = "Pods-GEOSwiftPlayground.debug.xcconfig"; path = "Pods/Target Support Files/Pods-GEOSwiftPlayground/Pods-GEOSwiftPlayground.debug.xcconfig"; sourceTree = "<group>"; };
		8893A14823EA2DC272D53747 /* Pods_GEOSwiftPlayground.framework */ = {isa = PBXFileReference; explicitFileType = wrapper.framework; includeInIndex = 0; path = Pods_GEOSwiftPlayground.framework; sourceTree = BUILT_PRODUCTS_DIR; };
		95E848571F9EB910CD9E0B55 /* GEOSwiftPlayground.framework */ = {isa = PBXFileReference; explicitFileType = wrapper.framework; includeInIndex = 0; path = GEOSwiftPlayground.framework; sourceTree = BUILT_PRODUCTS_DIR; };
/* End PBXFileReference section */

/* Begin PBXFrameworksBuildPhase section */
		2B237D664E2F9BA1883FC4A1 /* Frameworks */ = {
			isa = PBXFrameworksBuildPhase;
			buildActionMask = 2147483647;
			files = (
				25DBA94894564AA7B78DF327 /* Foundation.framework in Frameworks */,
				AB293A0B7F991662A1618DD1 /* Pods_GEOSwiftPlayground.framework in Frameworks */,
			);
			runOnlyForDeploymentPostprocessing = 0;
		};
/* End PBXFrameworksBuildPhase section */

/* Begin PBXGroup section */
		2B31A945CFC0EBDB01240235 /* Pods */ = {
			isa = PBXGroup;
			children = (
				2914E60101F6A44BFC0C1F44 /* Pods-GEOSwiftPlayground.release.xcconfig */,
				51BE1DA4EF18E8E123761BC0 /* Pods-GEOSwiftPlayground.debug.xcconfig */,
			);
			name = Pods;
			sourceTree = "<group>";
		};
		4D3C6C5B276107AC06069C01 = {
			isa = PBXGroup;
			children = (
				D9AD3D01FF97F2A2C4CBDA5F /* Products */,
				92C86B82C92701A4466D3EF8 /* Frameworks */,
				27461768D905C71862DFF04E /* GEOSwift.playground */,
				2B31A945CFC0EBDB01240235 /* Pods */,
			);
			sourceTree = "<group>";
		};
		92C86B82C92701A4466D3EF8 /* Frameworks */ = {
			isa = PBXGroup;
			children = (
				F683294BCE287169F3372210 /* iOS */,
				8893A14823EA2DC272D53747 /* Pods_GEOSwiftPlayground.framework */,
			);
			name = Frameworks;
			sourceTree = "<group>";
		};
		D9AD3D01FF97F2A2C4CBDA5F /* Products */ = {
			isa = PBXGroup;
			children = (
				95E848571F9EB910CD9E0B55 /* GEOSwiftPlayground.framework */,
			);
			name = Products;
			sourceTree = "<group>";
		};
		F683294BCE287169F3372210 /* iOS */ = {
			isa = PBXGroup;
			children = (
				383FE50D347828F1162B9782 /* Foundation.framework */,
			);
			name = iOS;
			sourceTree = "<group>";
		};
/* End PBXGroup section */

/* Begin PBXNativeTarget section */
		A70368A6FC513BA286AE9529 /* GEOSwiftPlayground */ = {
			isa = PBXNativeTarget;
			buildConfigurationList = C26EA99FF00C0911C2F93276 /* Build configuration list for PBXNativeTarget "GEOSwiftPlayground" */;
			buildPhases = (
				703A6839247214068AAC1B2F /* [CP] Check Pods Manifest.lock */,
				E0821675863385CD61B38770 /* Sources */,
				2B237D664E2F9BA1883FC4A1 /* Frameworks */,
				06CF84971EA4716F599CF992 /* [CP] Copy Pods Resources */,
			);
			buildRules = (
			);
			dependencies = (
			);
			name = GEOSwiftPlayground;
			productName = GEOSwiftPlayground;
			productReference = 95E848571F9EB910CD9E0B55 /* GEOSwiftPlayground.framework */;
			productType = "com.apple.product-type.framework";
		};
/* End PBXNativeTarget section */

/* Begin PBXProject section */
		BC3D39B5F4D8F63AA74E59AF /* Project object */ = {
			isa = PBXProject;
			attributes = {
				LastSwiftUpdateCheck = 0730;
				LastUpgradeCheck = 0800;
				TargetAttributes = {
					A70368A6FC513BA286AE9529 = {
						LastSwiftMigration = 0800;
					};
				};
			};
			buildConfigurationList = 6F0DDE8EA88D7C39DF43BBE4 /* Build configuration list for PBXProject "GEOSwift" */;
			compatibilityVersion = "Xcode 3.2";
			developmentRegion = English;
			hasScannedForEncodings = 0;
			knownRegions = (
				en,
			);
			mainGroup = 4D3C6C5B276107AC06069C01;
			productRefGroup = D9AD3D01FF97F2A2C4CBDA5F /* Products */;
			projectDirPath = "";
			projectRoot = "";
			targets = (
				A70368A6FC513BA286AE9529 /* GEOSwiftPlayground */,
			);
		};
/* End PBXProject section */

/* Begin PBXShellScriptBuildPhase section */
		06CF84971EA4716F599CF992 /* [CP] Copy Pods Resources */ = {
			isa = PBXShellScriptBuildPhase;
			buildActionMask = 2147483647;
			files = (
			);
			inputPaths = (
			);
			name = "[CP] Copy Pods Resources";
			outputPaths = (
			);
			runOnlyForDeploymentPostprocessing = 0;
			shellPath = /bin/sh;
			shellScript = "\"${SRCROOT}/Pods/Target Support Files/Pods-GEOSwiftPlayground/Pods-GEOSwiftPlayground-resources.sh\"\n";
			showEnvVarsInLog = 0;
		};
		703A6839247214068AAC1B2F /* [CP] Check Pods Manifest.lock */ = {
			isa = PBXShellScriptBuildPhase;
			buildActionMask = 2147483647;
			files = (
			);
			inputPaths = (
			);
			name = "[CP] Check Pods Manifest.lock";
			outputPaths = (
			);
			runOnlyForDeploymentPostprocessing = 0;
			shellPath = /bin/sh;
			shellScript = "diff \"${PODS_ROOT}/../Podfile.lock\" \"${PODS_ROOT}/Manifest.lock\" > /dev/null\nif [[ $? != 0 ]] ; then\n    cat << EOM\nerror: The sandbox is not in sync with the Podfile.lock. Run 'pod install' or update your CocoaPods installation.\nEOM\n    exit 1\nfi\n";
			showEnvVarsInLog = 0;
		};
/* End PBXShellScriptBuildPhase section */

/* Begin PBXSourcesBuildPhase section */
		E0821675863385CD61B38770 /* Sources */ = {
			isa = PBXSourcesBuildPhase;
			buildActionMask = 2147483647;
			files = (
			);
			runOnlyForDeploymentPostprocessing = 0;
		};
/* End PBXSourcesBuildPhase section */

/* Begin XCBuildConfiguration section */
		87A5C589DC773944F510773D /* Debug */ = {
			isa = XCBuildConfiguration;
			baseConfigurationReference = 51BE1DA4EF18E8E123761BC0 /* Pods-GEOSwiftPlayground.debug.xcconfig */;
			buildSettings = {
				ALWAYS_EMBED_SWIFT_STANDARD_LIBRARIES = YES;
				"CODE_SIGN_IDENTITY[sdk=iphoneos*]" = "";
				CURRENT_PROJECT_VERSION = 1;
				DEBUG_INFORMATION_FORMAT = dwarf;
				DEFINES_MODULE = NO;
				DYLIB_COMPATIBILITY_VERSION = 1;
				DYLIB_CURRENT_VERSION = 1;
				DYLIB_INSTALL_NAME_BASE = "@rpath";
				ENABLE_STRICT_OBJC_MSGSEND = YES;
				GCC_NO_COMMON_BLOCKS = YES;
				INSTALL_PATH = "$(LOCAL_LIBRARY_DIR)/Frameworks";
				MTL_ENABLE_DEBUG_INFO = YES;
				PRODUCT_NAME = "$(TARGET_NAME)";
				SDKROOT = iphoneos;
				SKIP_INSTALL = YES;
				SWIFT_VERSION = 3.0;
				TARGETED_DEVICE_FAMILY = "1,2";
				VERSIONING_SYSTEM = "apple-generic";
				VERSION_INFO_PREFIX = "";
			};
			name = Debug;
		};
		95FFF758302E54124006B352 /* Release */ = {
			isa = XCBuildConfiguration;
			baseConfigurationReference = 2914E60101F6A44BFC0C1F44 /* Pods-GEOSwiftPlayground.release.xcconfig */;
			buildSettings = {
				ALWAYS_EMBED_SWIFT_STANDARD_LIBRARIES = YES;
				"CODE_SIGN_IDENTITY[sdk=iphoneos*]" = "";
				CURRENT_PROJECT_VERSION = 1;
				DEBUG_INFORMATION_FORMAT = "dwarf-with-dsym";
				DEFINES_MODULE = NO;
				DYLIB_COMPATIBILITY_VERSION = 1;
				DYLIB_CURRENT_VERSION = 1;
				DYLIB_INSTALL_NAME_BASE = "@rpath";
				ENABLE_STRICT_OBJC_MSGSEND = YES;
				GCC_NO_COMMON_BLOCKS = YES;
				INSTALL_PATH = "$(LOCAL_LIBRARY_DIR)/Frameworks";
				MTL_ENABLE_DEBUG_INFO = NO;
				PRODUCT_NAME = "$(TARGET_NAME)";
				SDKROOT = iphoneos;
				SKIP_INSTALL = YES;
				SWIFT_VERSION = 3.0;
				TARGETED_DEVICE_FAMILY = "1,2";
				VERSIONING_SYSTEM = "apple-generic";
				VERSION_INFO_PREFIX = "";
			};
			name = Release;
		};
		C87D02E810723B4559F439CE /* Debug */ = {
			isa = XCBuildConfiguration;
			buildSettings = {
				ALWAYS_SEARCH_USER_PATHS = NO;
				CLANG_ANALYZER_NONNULL = YES;
				CLANG_CXX_LANGUAGE_STANDARD = "gnu++0x";
				CLANG_ENABLE_MODULES = YES;
				CLANG_ENABLE_OBJC_ARC = YES;
				CLANG_WARN_BOOL_CONVERSION = YES;
				CLANG_WARN_CONSTANT_CONVERSION = YES;
				CLANG_WARN_DIRECT_OBJC_ISA_USAGE = YES;
				CLANG_WARN_EMPTY_BODY = YES;
				CLANG_WARN_ENUM_CONVERSION = YES;
				CLANG_WARN_INFINITE_RECURSION = YES;
				CLANG_WARN_INT_CONVERSION = YES;
				CLANG_WARN_OBJC_ROOT_CLASS = YES;
				CLANG_WARN_SUSPICIOUS_MOVE = YES;
				CLANG_WARN_UNREACHABLE_CODE = YES;
				CLANG_WARN__DUPLICATE_METHOD_MATCH = YES;
				COPY_PHASE_STRIP = NO;
				ENABLE_STRICT_OBJC_MSGSEND = YES;
				ENABLE_TESTABILITY = YES;
				GCC_C_LANGUAGE_STANDARD = gnu99;
				GCC_DYNAMIC_NO_PIC = NO;
				GCC_NO_COMMON_BLOCKS = YES;
				GCC_OPTIMIZATION_LEVEL = 0;
				GCC_PREPROCESSOR_DEFINITIONS = (
					"DEBUG=1",
					"$(inherited)",
				);
				GCC_SYMBOLS_PRIVATE_EXTERN = NO;
				GCC_WARN_64_TO_32_BIT_CONVERSION = YES;
				GCC_WARN_ABOUT_RETURN_TYPE = YES;
				GCC_WARN_UNDECLARED_SELECTOR = YES;
				GCC_WARN_UNINITIALIZED_AUTOS = YES;
				GCC_WARN_UNUSED_FUNCTION = YES;
				GCC_WARN_UNUSED_VARIABLE = YES;
				ONLY_ACTIVE_ARCH = YES;
			};
			name = Debug;
		};
		D74262B3EA0B2840C3FA4442 /* Release */ = {
			isa = XCBuildConfiguration;
			buildSettings = {
				ALWAYS_SEARCH_USER_PATHS = NO;
				CLANG_ANALYZER_NONNULL = YES;
				CLANG_CXX_LANGUAGE_STANDARD = "gnu++0x";
				CLANG_ENABLE_MODULES = YES;
				CLANG_ENABLE_OBJC_ARC = YES;
				CLANG_WARN_BOOL_CONVERSION = YES;
				CLANG_WARN_CONSTANT_CONVERSION = YES;
				CLANG_WARN_DIRECT_OBJC_ISA_USAGE = YES;
				CLANG_WARN_EMPTY_BODY = YES;
				CLANG_WARN_ENUM_CONVERSION = YES;
				CLANG_WARN_INFINITE_RECURSION = YES;
				CLANG_WARN_INT_CONVERSION = YES;
				CLANG_WARN_OBJC_ROOT_CLASS = YES;
				CLANG_WARN_SUSPICIOUS_MOVE = YES;
				CLANG_WARN_UNREACHABLE_CODE = YES;
				CLANG_WARN__DUPLICATE_METHOD_MATCH = YES;
				COPY_PHASE_STRIP = YES;
				ENABLE_NS_ASSERTIONS = NO;
				ENABLE_STRICT_OBJC_MSGSEND = YES;
				GCC_C_LANGUAGE_STANDARD = gnu99;
				GCC_NO_COMMON_BLOCKS = YES;
				GCC_WARN_64_TO_32_BIT_CONVERSION = YES;
				GCC_WARN_ABOUT_RETURN_TYPE = YES;
				GCC_WARN_UNDECLARED_SELECTOR = YES;
				GCC_WARN_UNINITIALIZED_AUTOS = YES;
				GCC_WARN_UNUSED_FUNCTION = YES;
				GCC_WARN_UNUSED_VARIABLE = YES;
				VALIDATE_PRODUCT = YES;
			};
			name = Release;
		};
/* End XCBuildConfiguration section */

/* Begin XCConfigurationList section */
		6F0DDE8EA88D7C39DF43BBE4 /* Build configuration list for PBXProject "GEOSwift" */ = {
			isa = XCConfigurationList;
			buildConfigurations = (
				C87D02E810723B4559F439CE /* Debug */,
				D74262B3EA0B2840C3FA4442 /* Release */,
			);
			defaultConfigurationIsVisible = 0;
			defaultConfigurationName = Release;
		};
		C26EA99FF00C0911C2F93276 /* Build configuration list for PBXNativeTarget "GEOSwiftPlayground" */ = {
			isa = XCConfigurationList;
			buildConfigurations = (
				95FFF758302E54124006B352 /* Release */,
				87A5C589DC773944F510773D /* Debug */,
			);
			defaultConfigurationIsVisible = 0;
			defaultConfigurationName = Release;
		};
/* End XCConfigurationList section */
	};
	rootObject = BC3D39B5F4D8F63AA74E59AF /* Project object */;
}
