{
  "object": {
    "pins": [
      {
        "package": "geos",
        "repositoryURL": "https://github.com/GEOSwift/geos.git",
        "state": {
          "branch": null,
          "revision": "dc3a1e798e7ebb3cee1b6b219af2b0783820ff60",
          "version": "7.0.0"
        }
      }
    ]
  },
  "version": 1
}
